// !$*UTF8*$!
{
	archiveVersion = 1;
	classes = {
	};
	objectVersion = 50;
	objects = {

/* Begin PBXBuildFile section */
		E263D07121B6669300D5CE90 /* UIView+JKLayout.m in Sources */ = {isa = PBXBuildFile; fileRef = E263D07021B6669300D5CE90 /* UIView+JKLayout.m */; };
		E263D07921B66AE300D5CE90 /* JKDate.m in Sources */ = {isa = PBXBuildFile; fileRef = E263D07821B66AE300D5CE90 /* JKDate.m */; };
		E263D07D21B6729900D5CE90 /* JKGCDTimer.m in Sources */ = {isa = PBXBuildFile; fileRef = E263D07B21B6729900D5CE90 /* JKGCDTimer.m */; };
		E26706742197DFFC00B41CA8 /* AppDelegate.m in Sources */ = {isa = PBXBuildFile; fileRef = E26706732197DFFC00B41CA8 /* AppDelegate.m */; };
		E26706772197DFFC00B41CA8 /* ViewController.m in Sources */ = {isa = PBXBuildFile; fileRef = E26706762197DFFC00B41CA8 /* ViewController.m */; };
		E267067A2197DFFC00B41CA8 /* Main.storyboard in Resources */ = {isa = PBXBuildFile; fileRef = E26706782197DFFC00B41CA8 /* Main.storyboard */; };
		E267067C2197DFFC00B41CA8 /* Assets.xcassets in Resources */ = {isa = PBXBuildFile; fileRef = E267067B2197DFFC00B41CA8 /* Assets.xcassets */; };
		E267067F2197DFFC00B41CA8 /* LaunchScreen.storyboard in Resources */ = {isa = PBXBuildFile; fileRef = E267067D2197DFFC00B41CA8 /* LaunchScreen.storyboard */; };
		E26706822197DFFC00B41CA8 /* main.m in Sources */ = {isa = PBXBuildFile; fileRef = E26706812197DFFC00B41CA8 /* main.m */; };
		E267068C2197DFFC00B41CA8 /* JKOCProjectToolDemoTests.m in Sources */ = {isa = PBXBuildFile; fileRef = E267068B2197DFFC00B41CA8 /* JKOCProjectToolDemoTests.m */; };
		E26706972197DFFC00B41CA8 /* JKOCProjectToolDemoUITests.m in Sources */ = {isa = PBXBuildFile; fileRef = E26706962197DFFC00B41CA8 /* JKOCProjectToolDemoUITests.m */; };
		E276B26D21B8B08E007B374B /* JKSandboxPath.m in Sources */ = {isa = PBXBuildFile; fileRef = E276B26C21B8B08E007B374B /* JKSandboxPath.m */; };
		E2D0452921B5697900DD55CC /* NSMutableArray+JKMutableArray.m in Sources */ = {isa = PBXBuildFile; fileRef = E2D0452821B5697900DD55CC /* NSMutableArray+JKMutableArray.m */; };
		E2E6215221B75C4F004838E4 /* UIColor+JKColor.m in Sources */ = {isa = PBXBuildFile; fileRef = E2E6215121B75C4F004838E4 /* UIColor+JKColor.m */; };
		E2E6215521B76195004838E4 /* UIImage+JKUIImageRedraw.m in Sources */ = {isa = PBXBuildFile; fileRef = E2E6215421B76195004838E4 /* UIImage+JKUIImageRedraw.m */; };
		E2E6215821B762E5004838E4 /* UIBarButtonItem+JKBarbuttonItem.m in Sources */ = {isa = PBXBuildFile; fileRef = E2E6215721B762E5004838E4 /* UIBarButtonItem+JKBarbuttonItem.m */; };
		E2E6215D21B76B10004838E4 /* JKTextExtension.m in Sources */ = {isa = PBXBuildFile; fileRef = E2E6215C21B76B10004838E4 /* JKTextExtension.m */; };
/* End PBXBuildFile section */

/* Begin PBXContainerItemProxy section */
		E26706882197DFFC00B41CA8 /* PBXContainerItemProxy */ = {
			isa = PBXContainerItemProxy;
			containerPortal = E26706672197DFFB00B41CA8 /* Project object */;
			proxyType = 1;
			remoteGlobalIDString = E267066E2197DFFB00B41CA8;
			remoteInfo = JKOCProjectToolDemo;
		};
		E26706932197DFFC00B41CA8 /* PBXContainerItemProxy */ = {
			isa = PBXContainerItemProxy;
			containerPortal = E26706672197DFFB00B41CA8 /* Project object */;
			proxyType = 1;
			remoteGlobalIDString = E267066E2197DFFB00B41CA8;
			remoteInfo = JKOCProjectToolDemo;
		};
/* End PBXContainerItemProxy section */

/* Begin PBXFileReference section */
		E263D06F21B6669300D5CE90 /* UIView+JKLayout.h */ = {isa = PBXFileReference; lastKnownFileType = sourcecode.c.h; path = "UIView+JKLayout.h"; sourceTree = "<group>"; };
		E263D07021B6669300D5CE90 /* UIView+JKLayout.m */ = {isa = PBXFileReference; lastKnownFileType = sourcecode.c.objc; path = "UIView+JKLayout.m"; sourceTree = "<group>"; };
		E263D07721B66AE300D5CE90 /* JKDate.h */ = {isa = PBXFileReference; lastKnownFileType = sourcecode.c.h; path = JKDate.h; sourceTree = "<group>"; };
		E263D07821B66AE300D5CE90 /* JKDate.m */ = {isa = PBXFileReference; lastKnownFileType = sourcecode.c.objc; path = JKDate.m; sourceTree = "<group>"; };
		E263D07B21B6729900D5CE90 /* JKGCDTimer.m */ = {isa = PBXFileReference; fileEncoding = 4; lastKnownFileType = sourcecode.c.objc; path = JKGCDTimer.m; sourceTree = "<group>"; };
		E263D07C21B6729900D5CE90 /* JKGCDTimer.h */ = {isa = PBXFileReference; fileEncoding = 4; lastKnownFileType = sourcecode.c.h; path = JKGCDTimer.h; sourceTree = "<group>"; };
		E267066F2197DFFB00B41CA8 /* JKOCProjectToolDemo.app */ = {isa = PBXFileReference; explicitFileType = wrapper.application; includeInIndex = 0; path = JKOCProjectToolDemo.app; sourceTree = BUILT_PRODUCTS_DIR; };
		E26706722197DFFC00B41CA8 /* AppDelegate.h */ = {isa = PBXFileReference; lastKnownFileType = sourcecode.c.h; path = AppDelegate.h; sourceTree = "<group>"; };
		E26706732197DFFC00B41CA8 /* AppDelegate.m */ = {isa = PBXFileReference; lastKnownFileType = sourcecode.c.objc; path = AppDelegate.m; sourceTree = "<group>"; };
		E26706752197DFFC00B41CA8 /* ViewController.h */ = {isa = PBXFileReference; lastKnownFileType = sourcecode.c.h; path = ViewController.h; sourceTree = "<group>"; };
		E26706762197DFFC00B41CA8 /* ViewController.m */ = {isa = PBXFileReference; lastKnownFileType = sourcecode.c.objc; path = ViewController.m; sourceTree = "<group>"; };
		E26706792197DFFC00B41CA8 /* Base */ = {isa = PBXFileReference; lastKnownFileType = file.storyboard; name = Base; path = Base.lproj/Main.storyboard; sourceTree = "<group>"; };
		E267067B2197DFFC00B41CA8 /* Assets.xcassets */ = {isa = PBXFileReference; lastKnownFileType = folder.assetcatalog; path = Assets.xcassets; sourceTree = "<group>"; };
		E267067E2197DFFC00B41CA8 /* Base */ = {isa = PBXFileReference; lastKnownFileType = file.storyboard; name = Base; path = Base.lproj/LaunchScreen.storyboard; sourceTree = "<group>"; };
		E26706802197DFFC00B41CA8 /* Info.plist */ = {isa = PBXFileReference; lastKnownFileType = text.plist.xml; path = Info.plist; sourceTree = "<group>"; };
		E26706812197DFFC00B41CA8 /* main.m */ = {isa = PBXFileReference; lastKnownFileType = sourcecode.c.objc; path = main.m; sourceTree = "<group>"; };
		E26706872197DFFC00B41CA8 /* JKOCProjectToolDemoTests.xctest */ = {isa = PBXFileReference; explicitFileType = wrapper.cfbundle; includeInIndex = 0; path = JKOCProjectToolDemoTests.xctest; sourceTree = BUILT_PRODUCTS_DIR; };
		E267068B2197DFFC00B41CA8 /* JKOCProjectToolDemoTests.m */ = {isa = PBXFileReference; lastKnownFileType = sourcecode.c.objc; path = JKOCProjectToolDemoTests.m; sourceTree = "<group>"; };
		E267068D2197DFFC00B41CA8 /* Info.plist */ = {isa = PBXFileReference; lastKnownFileType = text.plist.xml; path = Info.plist; sourceTree = "<group>"; };
		E26706922197DFFC00B41CA8 /* JKOCProjectToolDemoUITests.xctest */ = {isa = PBXFileReference; explicitFileType = wrapper.cfbundle; includeInIndex = 0; path = JKOCProjectToolDemoUITests.xctest; sourceTree = BUILT_PRODUCTS_DIR; };
		E26706962197DFFC00B41CA8 /* JKOCProjectToolDemoUITests.m */ = {isa = PBXFileReference; lastKnownFileType = sourcecode.c.objc; path = JKOCProjectToolDemoUITests.m; sourceTree = "<group>"; };
		E26706982197DFFC00B41CA8 /* Info.plist */ = {isa = PBXFileReference; lastKnownFileType = text.plist.xml; path = Info.plist; sourceTree = "<group>"; };
		E26706AB2197E1FA00B41CA8 /* JKOCProjectTool.h */ = {isa = PBXFileReference; lastKnownFileType = sourcecode.c.h; path = JKOCProjectTool.h; sourceTree = "<group>"; };
		E276B26B21B8B08E007B374B /* JKSandboxPath.h */ = {isa = PBXFileReference; lastKnownFileType = sourcecode.c.h; path = JKSandboxPath.h; sourceTree = "<group>"; };
		E276B26C21B8B08E007B374B /* JKSandboxPath.m */ = {isa = PBXFileReference; lastKnownFileType = sourcecode.c.objc; path = JKSandboxPath.m; sourceTree = "<group>"; };
		E2D0452721B5697900DD55CC /* NSMutableArray+JKMutableArray.h */ = {isa = PBXFileReference; lastKnownFileType = sourcecode.c.h; path = "NSMutableArray+JKMutableArray.h"; sourceTree = "<group>"; };
		E2D0452821B5697900DD55CC /* NSMutableArray+JKMutableArray.m */ = {isa = PBXFileReference; lastKnownFileType = sourcecode.c.objc; path = "NSMutableArray+JKMutableArray.m"; sourceTree = "<group>"; };
		E2E6215021B75C4F004838E4 /* UIColor+JKColor.h */ = {isa = PBXFileReference; lastKnownFileType = sourcecode.c.h; path = "UIColor+JKColor.h"; sourceTree = "<group>"; };
		E2E6215121B75C4F004838E4 /* UIColor+JKColor.m */ = {isa = PBXFileReference; lastKnownFileType = sourcecode.c.objc; path = "UIColor+JKColor.m"; sourceTree = "<group>"; };
		E2E6215321B76195004838E4 /* UIImage+JKUIImageRedraw.h */ = {isa = PBXFileReference; lastKnownFileType = sourcecode.c.h; path = "UIImage+JKUIImageRedraw.h"; sourceTree = "<group>"; };
		E2E6215421B76195004838E4 /* UIImage+JKUIImageRedraw.m */ = {isa = PBXFileReference; lastKnownFileType = sourcecode.c.objc; path = "UIImage+JKUIImageRedraw.m"; sourceTree = "<group>"; };
		E2E6215621B762E5004838E4 /* UIBarButtonItem+JKBarbuttonItem.h */ = {isa = PBXFileReference; lastKnownFileType = sourcecode.c.h; path = "UIBarButtonItem+JKBarbuttonItem.h"; sourceTree = "<group>"; };
		E2E6215721B762E5004838E4 /* UIBarButtonItem+JKBarbuttonItem.m */ = {isa = PBXFileReference; lastKnownFileType = sourcecode.c.objc; path = "UIBarButtonItem+JKBarbuttonItem.m"; sourceTree = "<group>"; };
		E2E6215921B763AD004838E4 /* JKPrefixHeader.pch */ = {isa = PBXFileReference; lastKnownFileType = sourcecode.c.h; path = JKPrefixHeader.pch; sourceTree = "<group>"; };
		E2E6215B21B76B10004838E4 /* JKTextExtension.h */ = {isa = PBXFileReference; lastKnownFileType = sourcecode.c.h; path = JKTextExtension.h; sourceTree = "<group>"; };
		E2E6215C21B76B10004838E4 /* JKTextExtension.m */ = {isa = PBXFileReference; lastKnownFileType = sourcecode.c.objc; path = JKTextExtension.m; sourceTree = "<group>"; };
/* End PBXFileReference section */

/* Begin PBXFrameworksBuildPhase section */
		E267066C2197DFFB00B41CA8 /* Frameworks */ = {
			isa = PBXFrameworksBuildPhase;
			buildActionMask = 2147483647;
			files = (
			);
			runOnlyForDeploymentPostprocessing = 0;
		};
		E26706842197DFFC00B41CA8 /* Frameworks */ = {
			isa = PBXFrameworksBuildPhase;
			buildActionMask = 2147483647;
			files = (
			);
			runOnlyForDeploymentPostprocessing = 0;
		};
		E267068F2197DFFC00B41CA8 /* Frameworks */ = {
			isa = PBXFrameworksBuildPhase;
			buildActionMask = 2147483647;
			files = (
			);
			runOnlyForDeploymentPostprocessing = 0;
		};
/* End PBXFrameworksBuildPhase section */

/* Begin PBXGroup section */
		E263D07221B66A3600D5CE90 /* JKComponent */ = {
			isa = PBXGroup;
			children = (
				E276B26A21B8B058007B374B /* JKSandboxPath */,
				E2E6215A21B76AF1004838E4 /* JKTextExtension */,
				E263D07A21B6729900D5CE90 /* JKGCDTimer */,
				E263D07621B66ACC00D5CE90 /* JKDate */,
			);
			path = JKComponent;
			sourceTree = "<group>";
		};
		E263D07621B66ACC00D5CE90 /* JKDate */ = {
			isa = PBXGroup;
			children = (
				E263D07721B66AE300D5CE90 /* JKDate.h */,
				E263D07821B66AE300D5CE90 /* JKDate.m */,
			);
			path = JKDate;
			sourceTree = "<group>";
		};
		E263D07A21B6729900D5CE90 /* JKGCDTimer */ = {
			isa = PBXGroup;
			children = (
				E263D07C21B6729900D5CE90 /* JKGCDTimer.h */,
				E263D07B21B6729900D5CE90 /* JKGCDTimer.m */,
			);
			path = JKGCDTimer;
			sourceTree = "<group>";
		};
		E26706662197DFFB00B41CA8 = {
			isa = PBXGroup;
			children = (
				E26706712197DFFB00B41CA8 /* JKOCProjectToolDemo */,
				E267068A2197DFFC00B41CA8 /* JKOCProjectToolDemoTests */,
				E26706952197DFFC00B41CA8 /* JKOCProjectToolDemoUITests */,
				E26706702197DFFB00B41CA8 /* Products */,
			);
			sourceTree = "<group>";
		};
		E26706702197DFFB00B41CA8 /* Products */ = {
			isa = PBXGroup;
			children = (
				E267066F2197DFFB00B41CA8 /* JKOCProjectToolDemo.app */,
				E26706872197DFFC00B41CA8 /* JKOCProjectToolDemoTests.xctest */,
				E26706922197DFFC00B41CA8 /* JKOCProjectToolDemoUITests.xctest */,
			);
			name = Products;
			sourceTree = "<group>";
		};
		E26706712197DFFB00B41CA8 /* JKOCProjectToolDemo */ = {
			isa = PBXGroup;
			children = (
				E26706A62197E13100B41CA8 /* JKOCProjectTool */,
				E26706722197DFFC00B41CA8 /* AppDelegate.h */,
				E26706732197DFFC00B41CA8 /* AppDelegate.m */,
				E26706752197DFFC00B41CA8 /* ViewController.h */,
				E26706762197DFFC00B41CA8 /* ViewController.m */,
				E26706782197DFFC00B41CA8 /* Main.storyboard */,
				E267067B2197DFFC00B41CA8 /* Assets.xcassets */,
				E267067D2197DFFC00B41CA8 /* LaunchScreen.storyboard */,
				E26706802197DFFC00B41CA8 /* Info.plist */,
				E26706812197DFFC00B41CA8 /* main.m */,
				E2E6215921B763AD004838E4 /* JKPrefixHeader.pch */,
			);
			path = JKOCProjectToolDemo;
			sourceTree = "<group>";
		};
		E267068A2197DFFC00B41CA8 /* JKOCProjectToolDemoTests */ = {
			isa = PBXGroup;
			children = (
				E267068B2197DFFC00B41CA8 /* JKOCProjectToolDemoTests.m */,
				E267068D2197DFFC00B41CA8 /* Info.plist */,
			);
			path = JKOCProjectToolDemoTests;
			sourceTree = "<group>";
		};
		E26706952197DFFC00B41CA8 /* JKOCProjectToolDemoUITests */ = {
			isa = PBXGroup;
			children = (
				E26706962197DFFC00B41CA8 /* JKOCProjectToolDemoUITests.m */,
				E26706982197DFFC00B41CA8 /* Info.plist */,
			);
			path = JKOCProjectToolDemoUITests;
			sourceTree = "<group>";
		};
		E26706A62197E13100B41CA8 /* JKOCProjectTool */ = {
			isa = PBXGroup;
			children = (
				E263D07221B66A3600D5CE90 /* JKComponent */,
				E2EBD18821B23420002AEF19 /* JKCategory */,
				E26706AB2197E1FA00B41CA8 /* JKOCProjectTool.h */,
			);
			path = JKOCProjectTool;
			sourceTree = SOURCE_ROOT;
		};
		E276B26A21B8B058007B374B /* JKSandboxPath */ = {
			isa = PBXGroup;
			children = (
				E276B26B21B8B08E007B374B /* JKSandboxPath.h */,
				E276B26C21B8B08E007B374B /* JKSandboxPath.m */,
			);
			path = JKSandboxPath;
			sourceTree = "<group>";
		};
		E2E6215A21B76AF1004838E4 /* JKTextExtension */ = {
			isa = PBXGroup;
			children = (
				E2E6215B21B76B10004838E4 /* JKTextExtension.h */,
				E2E6215C21B76B10004838E4 /* JKTextExtension.m */,
			);
			path = JKTextExtension;
			sourceTree = "<group>";
		};
		E2EBD18821B23420002AEF19 /* JKCategory */ = {
			isa = PBXGroup;
			children = (
				E263D06F21B6669300D5CE90 /* UIView+JKLayout.h */,
				E263D07021B6669300D5CE90 /* UIView+JKLayout.m */,
				E2D0452721B5697900DD55CC /* NSMutableArray+JKMutableArray.h */,
				E2D0452821B5697900DD55CC /* NSMutableArray+JKMutableArray.m */,
				E2E6215021B75C4F004838E4 /* UIColor+JKColor.h */,
				E2E6215121B75C4F004838E4 /* UIColor+JKColor.m */,
				E2E6215321B76195004838E4 /* UIImage+JKUIImageRedraw.h */,
				E2E6215421B76195004838E4 /* UIImage+JKUIImageRedraw.m */,
				E2E6215621B762E5004838E4 /* UIBarButtonItem+JKBarbuttonItem.h */,
				E2E6215721B762E5004838E4 /* UIBarButtonItem+JKBarbuttonItem.m */,
			);
			path = JKCategory;
			sourceTree = "<group>";
		};
/* End PBXGroup section */

/* Begin PBXNativeTarget section */
		E267066E2197DFFB00B41CA8 /* JKOCProjectToolDemo */ = {
			isa = PBXNativeTarget;
			buildConfigurationList = E267069B2197DFFC00B41CA8 /* Build configuration list for PBXNativeTarget "JKOCProjectToolDemo" */;
			buildPhases = (
				E267066B2197DFFB00B41CA8 /* Sources */,
				E267066C2197DFFB00B41CA8 /* Frameworks */,
				E267066D2197DFFB00B41CA8 /* Resources */,
			);
			buildRules = (
			);
			dependencies = (
			);
			name = JKOCProjectToolDemo;
			productName = JKOCProjectToolDemo;
			productReference = E267066F2197DFFB00B41CA8 /* JKOCProjectToolDemo.app */;
			productType = "com.apple.product-type.application";
		};
		E26706862197DFFC00B41CA8 /* JKOCProjectToolDemoTests */ = {
			isa = PBXNativeTarget;
			buildConfigurationList = E267069E2197DFFC00B41CA8 /* Build configuration list for PBXNativeTarget "JKOCProjectToolDemoTests" */;
			buildPhases = (
				E26706832197DFFC00B41CA8 /* Sources */,
				E26706842197DFFC00B41CA8 /* Frameworks */,
				E26706852197DFFC00B41CA8 /* Resources */,
			);
			buildRules = (
			);
			dependencies = (
				E26706892197DFFC00B41CA8 /* PBXTargetDependency */,
			);
			name = JKOCProjectToolDemoTests;
			productName = JKOCProjectToolDemoTests;
			productReference = E26706872197DFFC00B41CA8 /* JKOCProjectToolDemoTests.xctest */;
			productType = "com.apple.product-type.bundle.unit-test";
		};
		E26706912197DFFC00B41CA8 /* JKOCProjectToolDemoUITests */ = {
			isa = PBXNativeTarget;
			buildConfigurationList = E26706A12197DFFC00B41CA8 /* Build configuration list for PBXNativeTarget "JKOCProjectToolDemoUITests" */;
			buildPhases = (
				E267068E2197DFFC00B41CA8 /* Sources */,
				E267068F2197DFFC00B41CA8 /* Frameworks */,
				E26706902197DFFC00B41CA8 /* Resources */,
			);
			buildRules = (
			);
			dependencies = (
				E26706942197DFFC00B41CA8 /* PBXTargetDependency */,
			);
			name = JKOCProjectToolDemoUITests;
			productName = JKOCProjectToolDemoUITests;
			productReference = E26706922197DFFC00B41CA8 /* JKOCProjectToolDemoUITests.xctest */;
			productType = "com.apple.product-type.bundle.ui-testing";
		};
/* End PBXNativeTarget section */

/* Begin PBXProject section */
		E26706672197DFFB00B41CA8 /* Project object */ = {
			isa = PBXProject;
			attributes = {
				LastUpgradeCheck = 1000;
				ORGANIZATIONNAME = "JK科技有限公司";
				TargetAttributes = {
					E267066E2197DFFB00B41CA8 = {
						CreatedOnToolsVersion = 10.0;
					};
					E26706862197DFFC00B41CA8 = {
						CreatedOnToolsVersion = 10.0;
						TestTargetID = E267066E2197DFFB00B41CA8;
					};
					E26706912197DFFC00B41CA8 = {
						CreatedOnToolsVersion = 10.0;
						TestTargetID = E267066E2197DFFB00B41CA8;
					};
				};
			};
			buildConfigurationList = E267066A2197DFFB00B41CA8 /* Build configuration list for PBXProject "JKOCProjectToolDemo" */;
			compatibilityVersion = "Xcode 9.3";
			developmentRegion = en;
			hasScannedForEncodings = 0;
			knownRegions = (
				en,
				Base,
			);
			mainGroup = E26706662197DFFB00B41CA8;
			productRefGroup = E26706702197DFFB00B41CA8 /* Products */;
			projectDirPath = "";
			projectRoot = "";
			targets = (
				E267066E2197DFFB00B41CA8 /* JKOCProjectToolDemo */,
				E26706862197DFFC00B41CA8 /* JKOCProjectToolDemoTests */,
				E26706912197DFFC00B41CA8 /* JKOCProjectToolDemoUITests */,
			);
		};
/* End PBXProject section */

/* Begin PBXResourcesBuildPhase section */
		E267066D2197DFFB00B41CA8 /* Resources */ = {
			isa = PBXResourcesBuildPhase;
			buildActionMask = 2147483647;
			files = (
				E267067F2197DFFC00B41CA8 /* LaunchScreen.storyboard in Resources */,
				E267067C2197DFFC00B41CA8 /* Assets.xcassets in Resources */,
				E267067A2197DFFC00B41CA8 /* Main.storyboard in Resources */,
			);
			runOnlyForDeploymentPostprocessing = 0;
		};
		E26706852197DFFC00B41CA8 /* Resources */ = {
			isa = PBXResourcesBuildPhase;
			buildActionMask = 2147483647;
			files = (
			);
			runOnlyForDeploymentPostprocessing = 0;
		};
		E26706902197DFFC00B41CA8 /* Resources */ = {
			isa = PBXResourcesBuildPhase;
			buildActionMask = 2147483647;
			files = (
			);
			runOnlyForDeploymentPostprocessing = 0;
		};
/* End PBXResourcesBuildPhase section */

/* Begin PBXSourcesBuildPhase section */
		E267066B2197DFFB00B41CA8 /* Sources */ = {
			isa = PBXSourcesBuildPhase;
			buildActionMask = 2147483647;
			files = (
				E2E6215221B75C4F004838E4 /* UIColor+JKColor.m in Sources */,
				E2E6215521B76195004838E4 /* UIImage+JKUIImageRedraw.m in Sources */,
				E26706772197DFFC00B41CA8 /* ViewController.m in Sources */,
				E276B26D21B8B08E007B374B /* JKSandboxPath.m in Sources */,
				E263D07D21B6729900D5CE90 /* JKGCDTimer.m in Sources */,
				E26706822197DFFC00B41CA8 /* main.m in Sources */,
				E263D07921B66AE300D5CE90 /* JKDate.m in Sources */,
				E26706742197DFFC00B41CA8 /* AppDelegate.m in Sources */,
				E2D0452921B5697900DD55CC /* NSMutableArray+JKMutableArray.m in Sources */,
				E2E6215D21B76B10004838E4 /* JKTextExtension.m in Sources */,
				E2E6215821B762E5004838E4 /* UIBarButtonItem+JKBarbuttonItem.m in Sources */,
				E263D07121B6669300D5CE90 /* UIView+JKLayout.m in Sources */,
			);
			runOnlyForDeploymentPostprocessing = 0;
		};
		E26706832197DFFC00B41CA8 /* Sources */ = {
			isa = PBXSourcesBuildPhase;
			buildActionMask = 2147483647;
			files = (
				E267068C2197DFFC00B41CA8 /* JKOCProjectToolDemoTests.m in Sources */,
			);
			runOnlyForDeploymentPostprocessing = 0;
		};
		E267068E2197DFFC00B41CA8 /* Sources */ = {
			isa = PBXSourcesBuildPhase;
			buildActionMask = 2147483647;
			files = (
				E26706972197DFFC00B41CA8 /* JKOCProjectToolDemoUITests.m in Sources */,
			);
			runOnlyForDeploymentPostprocessing = 0;
		};
/* End PBXSourcesBuildPhase section */

/* Begin PBXTargetDependency section */
		E26706892197DFFC00B41CA8 /* PBXTargetDependency */ = {
			isa = PBXTargetDependency;
			target = E267066E2197DFFB00B41CA8 /* JKOCProjectToolDemo */;
			targetProxy = E26706882197DFFC00B41CA8 /* PBXContainerItemProxy */;
		};
		E26706942197DFFC00B41CA8 /* PBXTargetDependency */ = {
			isa = PBXTargetDependency;
			target = E267066E2197DFFB00B41CA8 /* JKOCProjectToolDemo */;
			targetProxy = E26706932197DFFC00B41CA8 /* PBXContainerItemProxy */;
		};
/* End PBXTargetDependency section */

/* Begin PBXVariantGroup section */
		E26706782197DFFC00B41CA8 /* Main.storyboard */ = {
			isa = PBXVariantGroup;
			children = (
				E26706792197DFFC00B41CA8 /* Base */,
			);
			name = Main.storyboard;
			sourceTree = "<group>";
		};
		E267067D2197DFFC00B41CA8 /* LaunchScreen.storyboard */ = {
			isa = PBXVariantGroup;
			children = (
				E267067E2197DFFC00B41CA8 /* Base */,
			);
			name = LaunchScreen.storyboard;
			sourceTree = "<group>";
		};
/* End PBXVariantGroup section */

/* Begin XCBuildConfiguration section */
		E26706992197DFFC00B41CA8 /* Debug */ = {
			isa = XCBuildConfiguration;
			buildSettings = {
				ALWAYS_SEARCH_USER_PATHS = NO;
				CLANG_ANALYZER_NONNULL = YES;
				CLANG_ANALYZER_NUMBER_OBJECT_CONVERSION = YES_AGGRESSIVE;
				CLANG_CXX_LANGUAGE_STANDARD = "gnu++14";
				CLANG_CXX_LIBRARY = "libc++";
				CLANG_ENABLE_MODULES = YES;
				CLANG_ENABLE_OBJC_ARC = YES;
				CLANG_ENABLE_OBJC_WEAK = YES;
				CLANG_WARN_BLOCK_CAPTURE_AUTORELEASING = YES;
				CLANG_WARN_BOOL_CONVERSION = YES;
				CLANG_WARN_COMMA = YES;
				CLANG_WARN_CONSTANT_CONVERSION = YES;
				CLANG_WARN_DEPRECATED_OBJC_IMPLEMENTATIONS = YES;
				CLANG_WARN_DIRECT_OBJC_ISA_USAGE = YES_ERROR;
				CLANG_WARN_DOCUMENTATION_COMMENTS = YES;
				CLANG_WARN_EMPTY_BODY = YES;
				CLANG_WARN_ENUM_CONVERSION = YES;
				CLANG_WARN_INFINITE_RECURSION = YES;
				CLANG_WARN_INT_CONVERSION = YES;
				CLANG_WARN_NON_LITERAL_NULL_CONVERSION = YES;
				CLANG_WARN_OBJC_IMPLICIT_RETAIN_SELF = YES;
				CLANG_WARN_OBJC_LITERAL_CONVERSION = YES;
				CLANG_WARN_OBJC_ROOT_CLASS = YES_ERROR;
				CLANG_WARN_RANGE_LOOP_ANALYSIS = YES;
				CLANG_WARN_STRICT_PROTOTYPES = YES;
				CLANG_WARN_SUSPICIOUS_MOVE = YES;
				CLANG_WARN_UNGUARDED_AVAILABILITY = YES_AGGRESSIVE;
				CLANG_WARN_UNREACHABLE_CODE = YES;
				CLANG_WARN__DUPLICATE_METHOD_MATCH = YES;
				CODE_SIGN_IDENTITY = "iPhone Developer";
				COPY_PHASE_STRIP = NO;
				DEBUG_INFORMATION_FORMAT = dwarf;
				ENABLE_STRICT_OBJC_MSGSEND = YES;
				ENABLE_TESTABILITY = YES;
				GCC_C_LANGUAGE_STANDARD = gnu11;
				GCC_DYNAMIC_NO_PIC = NO;
				GCC_NO_COMMON_BLOCKS = YES;
				GCC_OPTIMIZATION_LEVEL = 0;
				GCC_PREPROCESSOR_DEFINITIONS = (
					"DEBUG=1",
					"$(inherited)",
				);
				GCC_WARN_64_TO_32_BIT_CONVERSION = YES;
				GCC_WARN_ABOUT_RETURN_TYPE = YES_ERROR;
				GCC_WARN_UNDECLARED_SELECTOR = YES;
				GCC_WARN_UNINITIALIZED_AUTOS = YES_AGGRESSIVE;
				GCC_WARN_UNUSED_FUNCTION = YES;
				GCC_WARN_UNUSED_VARIABLE = YES;
				IPHONEOS_DEPLOYMENT_TARGET = 12.0;
				MTL_ENABLE_DEBUG_INFO = INCLUDE_SOURCE;
				MTL_FAST_MATH = YES;
				ONLY_ACTIVE_ARCH = YES;
				SDKROOT = iphoneos;
			};
			name = Debug;
		};
		E267069A2197DFFC00B41CA8 /* Release */ = {
			isa = XCBuildConfiguration;
			buildSettings = {
				ALWAYS_SEARCH_USER_PATHS = NO;
				CLANG_ANALYZER_NONNULL = YES;
				CLANG_ANALYZER_NUMBER_OBJECT_CONVERSION = YES_AGGRESSIVE;
				CLANG_CXX_LANGUAGE_STANDARD = "gnu++14";
				CLANG_CXX_LIBRARY = "libc++";
				CLANG_ENABLE_MODULES = YES;
				CLANG_ENABLE_OBJC_ARC = YES;
				CLANG_ENABLE_OBJC_WEAK = YES;
				CLANG_WARN_BLOCK_CAPTURE_AUTORELEASING = YES;
				CLANG_WARN_BOOL_CONVERSION = YES;
				CLANG_WARN_COMMA = YES;
				CLANG_WARN_CONSTANT_CONVERSION = YES;
				CLANG_WARN_DEPRECATED_OBJC_IMPLEMENTATIONS = YES;
				CLANG_WARN_DIRECT_OBJC_ISA_USAGE = YES_ERROR;
				CLANG_WARN_DOCUMENTATION_COMMENTS = YES;
				CLANG_WARN_EMPTY_BODY = YES;
				CLANG_WARN_ENUM_CONVERSION = YES;
				CLANG_WARN_INFINITE_RECURSION = YES;
				CLANG_WARN_INT_CONVERSION = YES;
				CLANG_WARN_NON_LITERAL_NULL_CONVERSION = YES;
				CLANG_WARN_OBJC_IMPLICIT_RETAIN_SELF = YES;
				CLANG_WARN_OBJC_LITERAL_CONVERSION = YES;
				CLANG_WARN_OBJC_ROOT_CLASS = YES_ERROR;
				CLANG_WARN_RANGE_LOOP_ANALYSIS = YES;
				CLANG_WARN_STRICT_PROTOTYPES = YES;
				CLANG_WARN_SUSPICIOUS_MOVE = YES;
				CLANG_WARN_UNGUARDED_AVAILABILITY = YES_AGGRESSIVE;
				CLANG_WARN_UNREACHABLE_CODE = YES;
				CLANG_WARN__DUPLICATE_METHOD_MATCH = YES;
				CODE_SIGN_IDENTITY = "iPhone Developer";
				COPY_PHASE_STRIP = NO;
				DEBUG_INFORMATION_FORMAT = "dwarf-with-dsym";
				ENABLE_NS_ASSERTIONS = NO;
				ENABLE_STRICT_OBJC_MSGSEND = YES;
				GCC_C_LANGUAGE_STANDARD = gnu11;
				GCC_NO_COMMON_BLOCKS = YES;
				GCC_WARN_64_TO_32_BIT_CONVERSION = YES;
				GCC_WARN_ABOUT_RETURN_TYPE = YES_ERROR;
				GCC_WARN_UNDECLARED_SELECTOR = YES;
				GCC_WARN_UNINITIALIZED_AUTOS = YES_AGGRESSIVE;
				GCC_WARN_UNUSED_FUNCTION = YES;
				GCC_WARN_UNUSED_VARIABLE = YES;
				IPHONEOS_DEPLOYMENT_TARGET = 12.0;
				MTL_ENABLE_DEBUG_INFO = NO;
				MTL_FAST_MATH = YES;
				SDKROOT = iphoneos;
				VALIDATE_PRODUCT = YES;
			};
			name = Release;
		};
		E267069C2197DFFC00B41CA8 /* Debug */ = {
			isa = XCBuildConfiguration;
			buildSettings = {
				ASSETCATALOG_COMPILER_APPICON_NAME = AppIcon;
				CODE_SIGN_STYLE = Automatic;
				DEVELOPMENT_TEAM = 75LW4CAG6Y;
				GCC_PREFIX_HEADER = JKOCProjectToolDemo/JKPrefixHeader.pch;
				INFOPLIST_FILE = JKOCProjectToolDemo/Info.plist;
				IPHONEOS_DEPLOYMENT_TARGET = 9.0;
				LD_RUNPATH_SEARCH_PATHS = (
					"$(inherited)",
					"@executable_path/Frameworks",
				);
				PRODUCT_BUNDLE_IDENTIFIER = com.xiaoou.joanking.JKOCProjectToolDemo;
				PRODUCT_NAME = "$(TARGET_NAME)";
				TARGETED_DEVICE_FAMILY = "1,2";
			};
			name = Debug;
		};
		E267069D2197DFFC00B41CA8 /* Release */ = {
			isa = XCBuildConfiguration;
			buildSettings = {
				ASSETCATALOG_COMPILER_APPICON_NAME = AppIcon;
				CODE_SIGN_STYLE = Automatic;
				DEVELOPMENT_TEAM = 75LW4CAG6Y;
				GCC_PREFIX_HEADER = JKOCProjectToolDemo/JKPrefixHeader.pch;
				INFOPLIST_FILE = JKOCProjectToolDemo/Info.plist;
				IPHONEOS_DEPLOYMENT_TARGET = 9.0;
				LD_RUNPATH_SEARCH_PATHS = (
					"$(inherited)",
					"@executable_path/Frameworks",
				);
				PRODUCT_BUNDLE_IDENTIFIER = com.xiaoou.joanking.JKOCProjectToolDemo;
				PRODUCT_NAME = "$(TARGET_NAME)";
				TARGETED_DEVICE_FAMILY = "1,2";
			};
			name = Release;
		};
		E267069F2197DFFC00B41CA8 /* Debug */ = {
			isa = XCBuildConfiguration;
			buildSettings = {
				BUNDLE_LOADER = "$(TEST_HOST)";
				CODE_SIGN_STYLE = Automatic;
				DEVELOPMENT_TEAM = 75LW4CAG6Y;
				INFOPLIST_FILE = JKOCProjectToolDemoTests/Info.plist;
				LD_RUNPATH_SEARCH_PATHS = (
					"$(inherited)",
					"@executable_path/Frameworks",
					"@loader_path/Frameworks",
				);
				PRODUCT_BUNDLE_IDENTIFIER = com.xiaoou.joanking.JKOCProjectToolDemoTests;
				PRODUCT_NAME = "$(TARGET_NAME)";
				TARGETED_DEVICE_FAMILY = "1,2";
				TEST_HOST = "$(BUILT_PRODUCTS_DIR)/JKOCProjectToolDemo.app/JKOCProjectToolDemo";
			};
			name = Debug;
		};
		E26706A02197DFFC00B41CA8 /* Release */ = {
			isa = XCBuildConfiguration;
			buildSettings = {
				BUNDLE_LOADER = "$(TEST_HOST)";
				CODE_SIGN_STYLE = Automatic;
				DEVELOPMENT_TEAM = 75LW4CAG6Y;
				INFOPLIST_FILE = JKOCProjectToolDemoTests/Info.plist;
				LD_RUNPATH_SEARCH_PATHS = (
					"$(inherited)",
					"@executable_path/Frameworks",
					"@loader_path/Frameworks",
				);
				PRODUCT_BUNDLE_IDENTIFIER = com.xiaoou.joanking.JKOCProjectToolDemoTests;
				PRODUCT_NAME = "$(TARGET_NAME)";
				TARGETED_DEVICE_FAMILY = "1,2";
				TEST_HOST = "$(BUILT_PRODUCTS_DIR)/JKOCProjectToolDemo.app/JKOCProjectToolDemo";
			};
			name = Release;
		};
		E26706A22197DFFC00B41CA8 /* Debug */ = {
			isa = XCBuildConfiguration;
			buildSettings = {
				CODE_SIGN_STYLE = Automatic;
				DEVELOPMENT_TEAM = 75LW4CAG6Y;
				INFOPLIST_FILE = JKOCProjectToolDemoUITests/Info.plist;
				LD_RUNPATH_SEARCH_PATHS = (
					"$(inherited)",
					"@executable_path/Frameworks",
					"@loader_path/Frameworks",
				);
				PRODUCT_BUNDLE_IDENTIFIER = com.xiaoou.joanking.JKOCProjectToolDemoUITests;
				PRODUCT_NAME = "$(TARGET_NAME)";
				TARGETED_DEVICE_FAMILY = "1,2";
				TEST_TARGET_NAME = JKOCProjectToolDemo;
			};
			name = Debug;
		};
		E26706A32197DFFC00B41CA8 /* Release */ = {
			isa = XCBuildConfiguration;
			buildSettings = {
				CODE_SIGN_STYLE = Automatic;
				DEVELOPMENT_TEAM = 75LW4CAG6Y;
				INFOPLIST_FILE = JKOCProjectToolDemoUITests/Info.plist;
				LD_RUNPATH_SEARCH_PATHS = (
					"$(inherited)",
					"@executable_path/Frameworks",
					"@loader_path/Frameworks",
				);
				PRODUCT_BUNDLE_IDENTIFIER = com.xiaoou.joanking.JKOCProjectToolDemoUITests;
				PRODUCT_NAME = "$(TARGET_NAME)";
				TARGETED_DEVICE_FAMILY = "1,2";
				TEST_TARGET_NAME = JKOCProjectToolDemo;
			};
			name = Release;
		};
/* End XCBuildConfiguration section */

/* Begin XCConfigurationList section */
		E267066A2197DFFB00B41CA8 /* Build configuration list for PBXProject "JKOCProjectToolDemo" */ = {
			isa = XCConfigurationList;
			buildConfigurations = (
				E26706992197DFFC00B41CA8 /* Debug */,
				E267069A2197DFFC00B41CA8 /* Release */,
			);
			defaultConfigurationIsVisible = 0;
			defaultConfigurationName = Release;
		};
		E267069B2197DFFC00B41CA8 /* Build configuration list for PBXNativeTarget "JKOCProjectToolDemo" */ = {
			isa = XCConfigurationList;
			buildConfigurations = (
				E267069C2197DFFC00B41CA8 /* Debug */,
				E267069D2197DFFC00B41CA8 /* Release */,
			);
			defaultConfigurationIsVisible = 0;
			defaultConfigurationName = Release;
		};
		E267069E2197DFFC00B41CA8 /* Build configuration list for PBXNativeTarget "JKOCProjectToolDemoTests" */ = {
			isa = XCConfigurationList;
			buildConfigurations = (
				E267069F2197DFFC00B41CA8 /* Debug */,
				E26706A02197DFFC00B41CA8 /* Release */,
			);
			defaultConfigurationIsVisible = 0;
			defaultConfigurationName = Release;
		};
		E26706A12197DFFC00B41CA8 /* Build configuration list for PBXNativeTarget "JKOCProjectToolDemoUITests" */ = {
			isa = XCConfigurationList;
			buildConfigurations = (
				E26706A22197DFFC00B41CA8 /* Debug */,
				E26706A32197DFFC00B41CA8 /* Release */,
			);
			defaultConfigurationIsVisible = 0;
			defaultConfigurationName = Release;
		};
/* End XCConfigurationList section */
	};
	rootObject = E26706672197DFFB00B41CA8 /* Project object */;
}
