// !$*UTF8*$!
{
	archiveVersion = 1;
	classes = {
	};
	objectVersion = 50;
	objects = {

/* Begin PBXBuildFile section */
		E208EBEA21D61CA0008EFD53 /* DateViewController.m in Sources */ = {isa = PBXBuildFile; fileRef = E208EBE921D61CA0008EFD53 /* DateViewController.m */; };
		E208EBED21D62FEE008EFD53 /* MD5TestViewController.m in Sources */ = {isa = PBXBuildFile; fileRef = E208EBEC21D62FEE008EFD53 /* MD5TestViewController.m */; };
		E20F209221BF58D300F45F27 /* NSData+JKData.m in Sources */ = {isa = PBXBuildFile; fileRef = E20F209121BF58D300F45F27 /* NSData+JKData.m */; };
		E20F22C921BF7C8C00F45F27 /* NSDate+JKExtension.m in Sources */ = {isa = PBXBuildFile; fileRef = E20F22C821BF7C8C00F45F27 /* NSDate+JKExtension.m */; };
		E20F22CC21BF7F5200F45F27 /* NSDate+JKFormatter.m in Sources */ = {isa = PBXBuildFile; fileRef = E20F22CB21BF7F5200F45F27 /* NSDate+JKFormatter.m */; };
		E20F22D221BF867E00F45F27 /* NSData+JKBase64.m in Sources */ = {isa = PBXBuildFile; fileRef = E20F22D121BF867E00F45F27 /* NSData+JKBase64.m */; };
		E20F22D521BF875700F45F27 /* NSString+JKBase64.m in Sources */ = {isa = PBXBuildFile; fileRef = E20F22D421BF875700F45F27 /* NSString+JKBase64.m */; };
		E20F22D821BF882200F45F27 /* NSString+JKRegex.m in Sources */ = {isa = PBXBuildFile; fileRef = E20F22D721BF882200F45F27 /* NSString+JKRegex.m */; };
		E20F22DB21BF8BA200F45F27 /* NSString+JKContains.m in Sources */ = {isa = PBXBuildFile; fileRef = E20F22DA21BF8BA200F45F27 /* NSString+JKContains.m */; };
		E20F22E121BF8C9D00F45F27 /* NSString+JKXML.m in Sources */ = {isa = PBXBuildFile; fileRef = E20F22E021BF8C9D00F45F27 /* NSString+JKXML.m */; };
		E20F22E421BF8DDE00F45F27 /* NSString+JKPinyin.m in Sources */ = {isa = PBXBuildFile; fileRef = E20F22E321BF8DDE00F45F27 /* NSString+JKPinyin.m */; };
		E20F22E721BF8F8200F45F27 /* NSString+JKRemoveEmoji.m in Sources */ = {isa = PBXBuildFile; fileRef = E20F22E621BF8F8200F45F27 /* NSString+JKRemoveEmoji.m */; };
		E20F22EA21BF900F00F45F27 /* NSString+JKHash.m in Sources */ = {isa = PBXBuildFile; fileRef = E20F22E921BF900F00F45F27 /* NSString+JKHash.m */; };
		E20F22ED21BF92E800F45F27 /* NSData+JKEncrypt.m in Sources */ = {isa = PBXBuildFile; fileRef = E20F22EC21BF92E800F45F27 /* NSData+JKEncrypt.m */; };
		E20F22F021BF936F00F45F27 /* NSData+JKGzip.m in Sources */ = {isa = PBXBuildFile; fileRef = E20F22EF21BF936F00F45F27 /* NSData+JKGzip.m */; };
		E20F22F321BF940D00F45F27 /* NSData+JKHash.m in Sources */ = {isa = PBXBuildFile; fileRef = E20F22F221BF940D00F45F27 /* NSData+JKHash.m */; };
		E20F22F821BF9B7400F45F27 /* UITextField+JKTextField.m in Sources */ = {isa = PBXBuildFile; fileRef = E20F22F721BF9B7400F45F27 /* UITextField+JKTextField.m */; };
		E234EEB421C7994100112FC3 /* UIImage+JKScaleVideoImage.m in Sources */ = {isa = PBXBuildFile; fileRef = E234EEB321C7994100112FC3 /* UIImage+JKScaleVideoImage.m */; };
		E23876A621C0D4E10090EC82 /* UITextView+JKExtension.m in Sources */ = {isa = PBXBuildFile; fileRef = E23876A521C0D4E10090EC82 /* UITextView+JKExtension.m */; };
		E23876AA21C0DD590090EC82 /* JKLimitInput.m in Sources */ = {isa = PBXBuildFile; fileRef = E23876A821C0DD590090EC82 /* JKLimitInput.m */; };
		E23876AD21C0DFB30090EC82 /* UIFont+JKExtension.m in Sources */ = {isa = PBXBuildFile; fileRef = E23876AC21C0DFB30090EC82 /* UIFont+JKExtension.m */; };
		E23876B821C0E77F0090EC82 /* UIWebView+JKExtension.m in Sources */ = {isa = PBXBuildFile; fileRef = E23876B721C0E77F0090EC82 /* UIWebView+JKExtension.m */; };
		E23876BE21C0F2B70090EC82 /* UIButton+JKExtension.m in Sources */ = {isa = PBXBuildFile; fileRef = E23876BD21C0F2B70090EC82 /* UIButton+JKExtension.m */; };
		E23876C121C106F60090EC82 /* UIResponder+JKExtension.m in Sources */ = {isa = PBXBuildFile; fileRef = E23876C021C106F60090EC82 /* UIResponder+JKExtension.m */; };
		E23876C421C109C30090EC82 /* UIApplication+JKExtension.m in Sources */ = {isa = PBXBuildFile; fileRef = E23876C321C109C30090EC82 /* UIApplication+JKExtension.m */; };
		E23876C721C10C4B0090EC82 /* UIWindow+JKHierarchy.m in Sources */ = {isa = PBXBuildFile; fileRef = E23876C621C10C4B0090EC82 /* UIWindow+JKHierarchy.m */; };
		E23876CA21C10FA50090EC82 /* UIScrollView+JKExtension.m in Sources */ = {isa = PBXBuildFile; fileRef = E23876C921C10FA50090EC82 /* UIScrollView+JKExtension.m */; };
		E23876CD21C113AE0090EC82 /* UIImage+JKGIF.m in Sources */ = {isa = PBXBuildFile; fileRef = E23876CC21C113AE0090EC82 /* UIImage+JKGIF.m */; };
		E23876D021C1152C0090EC82 /* monkey.gif in Resources */ = {isa = PBXBuildFile; fileRef = E23876CF21C1152C0090EC82 /* monkey.gif */; };
		E23876D321C1194B0090EC82 /* UIImage+JKDirection.m in Sources */ = {isa = PBXBuildFile; fileRef = E23876D221C1194B0090EC82 /* UIImage+JKDirection.m */; };
		E23876D621C156EB0090EC82 /* UIImage+JKColorImage.m in Sources */ = {isa = PBXBuildFile; fileRef = E23876D521C156EB0090EC82 /* UIImage+JKColorImage.m */; };
		E263D07121B6669300D5CE90 /* UIView+JKLayout.m in Sources */ = {isa = PBXBuildFile; fileRef = E263D07021B6669300D5CE90 /* UIView+JKLayout.m */; };
		E263D07921B66AE300D5CE90 /* JKDate.m in Sources */ = {isa = PBXBuildFile; fileRef = E263D07821B66AE300D5CE90 /* JKDate.m */; };
		E263D07D21B6729900D5CE90 /* JKGCDTimer.m in Sources */ = {isa = PBXBuildFile; fileRef = E263D07B21B6729900D5CE90 /* JKGCDTimer.m */; };
		E26706742197DFFC00B41CA8 /* AppDelegate.m in Sources */ = {isa = PBXBuildFile; fileRef = E26706732197DFFC00B41CA8 /* AppDelegate.m */; };
		E26706772197DFFC00B41CA8 /* ViewController.m in Sources */ = {isa = PBXBuildFile; fileRef = E26706762197DFFC00B41CA8 /* ViewController.m */; };
		E267067A2197DFFC00B41CA8 /* Main.storyboard in Resources */ = {isa = PBXBuildFile; fileRef = E26706782197DFFC00B41CA8 /* Main.storyboard */; };
		E267067C2197DFFC00B41CA8 /* Assets.xcassets in Resources */ = {isa = PBXBuildFile; fileRef = E267067B2197DFFC00B41CA8 /* Assets.xcassets */; };
		E267067F2197DFFC00B41CA8 /* LaunchScreen.storyboard in Resources */ = {isa = PBXBuildFile; fileRef = E267067D2197DFFC00B41CA8 /* LaunchScreen.storyboard */; };
		E26706822197DFFC00B41CA8 /* main.m in Sources */ = {isa = PBXBuildFile; fileRef = E26706812197DFFC00B41CA8 /* main.m */; };
		E267068C2197DFFC00B41CA8 /* JKOCProjectToolDemoTests.m in Sources */ = {isa = PBXBuildFile; fileRef = E267068B2197DFFC00B41CA8 /* JKOCProjectToolDemoTests.m */; };
		E26706972197DFFC00B41CA8 /* JKOCProjectToolDemoUITests.m in Sources */ = {isa = PBXBuildFile; fileRef = E26706962197DFFC00B41CA8 /* JKOCProjectToolDemoUITests.m */; };
		E276B26D21B8B08E007B374B /* JKSandboxPath.m in Sources */ = {isa = PBXBuildFile; fileRef = E276B26C21B8B08E007B374B /* JKSandboxPath.m */; };
		E276B27621B90C66007B374B /* NSString+JKString.m in Sources */ = {isa = PBXBuildFile; fileRef = E276B27521B90C66007B374B /* NSString+JKString.m */; };
		E27E279221BA58C500FF4594 /* UIImageView+JKImageView.m in Sources */ = {isa = PBXBuildFile; fileRef = E27E279121BA58C500FF4594 /* UIImageView+JKImageView.m */; };
		E27E279921BA7D0400FF4594 /* JKTopWindow.m in Sources */ = {isa = PBXBuildFile; fileRef = E27E279821BA7D0400FF4594 /* JKTopWindow.m */; };
		E2D0452921B5697900DD55CC /* NSMutableArray+JKMutableArray.m in Sources */ = {isa = PBXBuildFile; fileRef = E2D0452821B5697900DD55CC /* NSMutableArray+JKMutableArray.m */; };
		E2DC2C7221C9CDE5001716AB /* NSObject+JKRuntime.m in Sources */ = {isa = PBXBuildFile; fileRef = E2DC2C7121C9CDE5001716AB /* NSObject+JKRuntime.m */; };
		E2DC2C7721C9DAA1001716AB /* JKBank.plist in Resources */ = {isa = PBXBuildFile; fileRef = E2DC2C7621C9DAA1001716AB /* JKBank.plist */; };
		E2E4AF4721D5EE9B0045F822 /* NSData+JK_AES.m in Sources */ = {isa = PBXBuildFile; fileRef = E2E4AF4321D5EE9B0045F822 /* NSData+JK_AES.m */; };
		E2E4AF4821D5EE9B0045F822 /* NSString+JK_MD5.m in Sources */ = {isa = PBXBuildFile; fileRef = E2E4AF4421D5EE9B0045F822 /* NSString+JK_MD5.m */; };
		E2E4AF4C21D5EF160045F822 /* JKRSATool.m in Sources */ = {isa = PBXBuildFile; fileRef = E2E4AF4A21D5EF160045F822 /* JKRSATool.m */; };
		E2E4AF4F21D5EFA10045F822 /* RSATestViewController.m in Sources */ = {isa = PBXBuildFile; fileRef = E2E4AF4E21D5EFA10045F822 /* RSATestViewController.m */; };
		E2E4AF5221D5F01C0045F822 /* private_key.p12 in Resources */ = {isa = PBXBuildFile; fileRef = E2E4AF5021D5F01C0045F822 /* private_key.p12 */; };
		E2E4AF5321D5F01C0045F822 /* public_key.der in Resources */ = {isa = PBXBuildFile; fileRef = E2E4AF5121D5F01C0045F822 /* public_key.der */; };
		E2E4AF5621D5F0370045F822 /* TestViewController.m in Sources */ = {isa = PBXBuildFile; fileRef = E2E4AF5521D5F0370045F822 /* TestViewController.m */; };
		E2E6215221B75C4F004838E4 /* UIColor+JKColor.m in Sources */ = {isa = PBXBuildFile; fileRef = E2E6215121B75C4F004838E4 /* UIColor+JKColor.m */; };
		E2E6215521B76195004838E4 /* UIImage+JKImage.m in Sources */ = {isa = PBXBuildFile; fileRef = E2E6215421B76195004838E4 /* UIImage+JKImage.m */; };
		E2E6215821B762E5004838E4 /* UIBarButtonItem+JKBarbuttonItem.m in Sources */ = {isa = PBXBuildFile; fileRef = E2E6215721B762E5004838E4 /* UIBarButtonItem+JKBarbuttonItem.m */; };
		E2E6215D21B76B10004838E4 /* JKTextExtension.m in Sources */ = {isa = PBXBuildFile; fileRef = E2E6215C21B76B10004838E4 /* JKTextExtension.m */; };
		E2EDBC6221BB8465003B87CA /* CALayer+JKLayer.m in Sources */ = {isa = PBXBuildFile; fileRef = E2EDBC6121BB8465003B87CA /* CALayer+JKLayer.m */; };
		E2EDBC6821BB9376003B87CA /* UIViewController+JKViewController.m in Sources */ = {isa = PBXBuildFile; fileRef = E2EDBC6721BB9376003B87CA /* UIViewController+JKViewController.m */; };
		E2EDBC6B21BB94FF003B87CA /* UINavigationController+JKNavigationController.m in Sources */ = {isa = PBXBuildFile; fileRef = E2EDBC6A21BB94FF003B87CA /* UINavigationController+JKNavigationController.m */; };
		E2EDBC6E21BB95E8003B87CA /* UILabel+JKLabel.m in Sources */ = {isa = PBXBuildFile; fileRef = E2EDBC6D21BB95E8003B87CA /* UILabel+JKLabel.m */; };
		E2EDBC7121BB9DBE003B87CA /* Test2ViewController.m in Sources */ = {isa = PBXBuildFile; fileRef = E2EDBC7021BB9DBE003B87CA /* Test2ViewController.m */; };
		E2EDBC7421BB9DCA003B87CA /* Test3ViewController.m in Sources */ = {isa = PBXBuildFile; fileRef = E2EDBC7321BB9DCA003B87CA /* Test3ViewController.m */; };
		E2EDBC7721BB9DD4003B87CA /* Test4ViewController.m in Sources */ = {isa = PBXBuildFile; fileRef = E2EDBC7621BB9DD4003B87CA /* Test4ViewController.m */; };
		E2EDBC7A21BB9DE2003B87CA /* Test5ViewController.m in Sources */ = {isa = PBXBuildFile; fileRef = E2EDBC7921BB9DE2003B87CA /* Test5ViewController.m */; };
		E2F073DE21C0005E00A4ADC7 /* UIDevice+JKHardware.m in Sources */ = {isa = PBXBuildFile; fileRef = E2F073DD21C0005E00A4ADC7 /* UIDevice+JKHardware.m */; };
/* End PBXBuildFile section */

/* Begin PBXContainerItemProxy section */
		E26706882197DFFC00B41CA8 /* PBXContainerItemProxy */ = {
			isa = PBXContainerItemProxy;
			containerPortal = E26706672197DFFB00B41CA8 /* Project object */;
			proxyType = 1;
			remoteGlobalIDString = E267066E2197DFFB00B41CA8;
			remoteInfo = JKOCProjectToolDemo;
		};
		E26706932197DFFC00B41CA8 /* PBXContainerItemProxy */ = {
			isa = PBXContainerItemProxy;
			containerPortal = E26706672197DFFB00B41CA8 /* Project object */;
			proxyType = 1;
			remoteGlobalIDString = E267066E2197DFFB00B41CA8;
			remoteInfo = JKOCProjectToolDemo;
		};
/* End PBXContainerItemProxy section */

/* Begin PBXFileReference section */
		E208EBE821D61CA0008EFD53 /* DateViewController.h */ = {isa = PBXFileReference; lastKnownFileType = sourcecode.c.h; path = DateViewController.h; sourceTree = "<group>"; };
		E208EBE921D61CA0008EFD53 /* DateViewController.m */ = {isa = PBXFileReference; lastKnownFileType = sourcecode.c.objc; path = DateViewController.m; sourceTree = "<group>"; };
		E208EBEB21D62FEE008EFD53 /* MD5TestViewController.h */ = {isa = PBXFileReference; lastKnownFileType = sourcecode.c.h; path = MD5TestViewController.h; sourceTree = "<group>"; };
		E208EBEC21D62FEE008EFD53 /* MD5TestViewController.m */ = {isa = PBXFileReference; lastKnownFileType = sourcecode.c.objc; path = MD5TestViewController.m; sourceTree = "<group>"; };
		E20F209021BF58D300F45F27 /* NSData+JKData.h */ = {isa = PBXFileReference; lastKnownFileType = sourcecode.c.h; path = "NSData+JKData.h"; sourceTree = "<group>"; };
		E20F209121BF58D300F45F27 /* NSData+JKData.m */ = {isa = PBXFileReference; lastKnownFileType = sourcecode.c.objc; path = "NSData+JKData.m"; sourceTree = "<group>"; };
		E20F22C721BF7C8C00F45F27 /* NSDate+JKExtension.h */ = {isa = PBXFileReference; lastKnownFileType = sourcecode.c.h; path = "NSDate+JKExtension.h"; sourceTree = "<group>"; };
		E20F22C821BF7C8C00F45F27 /* NSDate+JKExtension.m */ = {isa = PBXFileReference; lastKnownFileType = sourcecode.c.objc; path = "NSDate+JKExtension.m"; sourceTree = "<group>"; };
		E20F22CA21BF7F5200F45F27 /* NSDate+JKFormatter.h */ = {isa = PBXFileReference; lastKnownFileType = sourcecode.c.h; path = "NSDate+JKFormatter.h"; sourceTree = "<group>"; };
		E20F22CB21BF7F5200F45F27 /* NSDate+JKFormatter.m */ = {isa = PBXFileReference; lastKnownFileType = sourcecode.c.objc; path = "NSDate+JKFormatter.m"; sourceTree = "<group>"; };
		E20F22D021BF867E00F45F27 /* NSData+JKBase64.h */ = {isa = PBXFileReference; lastKnownFileType = sourcecode.c.h; path = "NSData+JKBase64.h"; sourceTree = "<group>"; };
		E20F22D121BF867E00F45F27 /* NSData+JKBase64.m */ = {isa = PBXFileReference; lastKnownFileType = sourcecode.c.objc; path = "NSData+JKBase64.m"; sourceTree = "<group>"; };
		E20F22D321BF875700F45F27 /* NSString+JKBase64.h */ = {isa = PBXFileReference; lastKnownFileType = sourcecode.c.h; path = "NSString+JKBase64.h"; sourceTree = "<group>"; };
		E20F22D421BF875700F45F27 /* NSString+JKBase64.m */ = {isa = PBXFileReference; lastKnownFileType = sourcecode.c.objc; path = "NSString+JKBase64.m"; sourceTree = "<group>"; };
		E20F22D621BF882200F45F27 /* NSString+JKRegex.h */ = {isa = PBXFileReference; lastKnownFileType = sourcecode.c.h; path = "NSString+JKRegex.h"; sourceTree = "<group>"; };
		E20F22D721BF882200F45F27 /* NSString+JKRegex.m */ = {isa = PBXFileReference; lastKnownFileType = sourcecode.c.objc; path = "NSString+JKRegex.m"; sourceTree = "<group>"; };
		E20F22D921BF8BA200F45F27 /* NSString+JKContains.h */ = {isa = PBXFileReference; lastKnownFileType = sourcecode.c.h; path = "NSString+JKContains.h"; sourceTree = "<group>"; };
		E20F22DA21BF8BA200F45F27 /* NSString+JKContains.m */ = {isa = PBXFileReference; lastKnownFileType = sourcecode.c.objc; path = "NSString+JKContains.m"; sourceTree = "<group>"; };
		E20F22DF21BF8C9D00F45F27 /* NSString+JKXML.h */ = {isa = PBXFileReference; lastKnownFileType = sourcecode.c.h; path = "NSString+JKXML.h"; sourceTree = "<group>"; };
		E20F22E021BF8C9D00F45F27 /* NSString+JKXML.m */ = {isa = PBXFileReference; lastKnownFileType = sourcecode.c.objc; path = "NSString+JKXML.m"; sourceTree = "<group>"; };
		E20F22E221BF8DDE00F45F27 /* NSString+JKPinyin.h */ = {isa = PBXFileReference; lastKnownFileType = sourcecode.c.h; path = "NSString+JKPinyin.h"; sourceTree = "<group>"; };
		E20F22E321BF8DDE00F45F27 /* NSString+JKPinyin.m */ = {isa = PBXFileReference; lastKnownFileType = sourcecode.c.objc; path = "NSString+JKPinyin.m"; sourceTree = "<group>"; };
		E20F22E521BF8F8200F45F27 /* NSString+JKRemoveEmoji.h */ = {isa = PBXFileReference; lastKnownFileType = sourcecode.c.h; path = "NSString+JKRemoveEmoji.h"; sourceTree = "<group>"; };
		E20F22E621BF8F8200F45F27 /* NSString+JKRemoveEmoji.m */ = {isa = PBXFileReference; lastKnownFileType = sourcecode.c.objc; path = "NSString+JKRemoveEmoji.m"; sourceTree = "<group>"; };
		E20F22E821BF900F00F45F27 /* NSString+JKHash.h */ = {isa = PBXFileReference; lastKnownFileType = sourcecode.c.h; path = "NSString+JKHash.h"; sourceTree = "<group>"; };
		E20F22E921BF900F00F45F27 /* NSString+JKHash.m */ = {isa = PBXFileReference; lastKnownFileType = sourcecode.c.objc; path = "NSString+JKHash.m"; sourceTree = "<group>"; };
		E20F22EB21BF92E800F45F27 /* NSData+JKEncrypt.h */ = {isa = PBXFileReference; lastKnownFileType = sourcecode.c.h; path = "NSData+JKEncrypt.h"; sourceTree = "<group>"; };
		E20F22EC21BF92E800F45F27 /* NSData+JKEncrypt.m */ = {isa = PBXFileReference; lastKnownFileType = sourcecode.c.objc; path = "NSData+JKEncrypt.m"; sourceTree = "<group>"; };
		E20F22EE21BF936F00F45F27 /* NSData+JKGzip.h */ = {isa = PBXFileReference; lastKnownFileType = sourcecode.c.h; path = "NSData+JKGzip.h"; sourceTree = "<group>"; };
		E20F22EF21BF936F00F45F27 /* NSData+JKGzip.m */ = {isa = PBXFileReference; lastKnownFileType = sourcecode.c.objc; path = "NSData+JKGzip.m"; sourceTree = "<group>"; };
		E20F22F121BF940D00F45F27 /* NSData+JKHash.h */ = {isa = PBXFileReference; lastKnownFileType = sourcecode.c.h; path = "NSData+JKHash.h"; sourceTree = "<group>"; };
		E20F22F221BF940D00F45F27 /* NSData+JKHash.m */ = {isa = PBXFileReference; lastKnownFileType = sourcecode.c.objc; path = "NSData+JKHash.m"; sourceTree = "<group>"; };
		E20F22F621BF9B7400F45F27 /* UITextField+JKTextField.h */ = {isa = PBXFileReference; lastKnownFileType = sourcecode.c.h; path = "UITextField+JKTextField.h"; sourceTree = "<group>"; };
		E20F22F721BF9B7400F45F27 /* UITextField+JKTextField.m */ = {isa = PBXFileReference; lastKnownFileType = sourcecode.c.objc; path = "UITextField+JKTextField.m"; sourceTree = "<group>"; };
		E234EEB221C7994100112FC3 /* UIImage+JKScaleVideoImage.h */ = {isa = PBXFileReference; lastKnownFileType = sourcecode.c.h; path = "UIImage+JKScaleVideoImage.h"; sourceTree = "<group>"; };
		E234EEB321C7994100112FC3 /* UIImage+JKScaleVideoImage.m */ = {isa = PBXFileReference; lastKnownFileType = sourcecode.c.objc; path = "UIImage+JKScaleVideoImage.m"; sourceTree = "<group>"; };
		E23876A421C0D4E10090EC82 /* UITextView+JKExtension.h */ = {isa = PBXFileReference; lastKnownFileType = sourcecode.c.h; path = "UITextView+JKExtension.h"; sourceTree = "<group>"; };
		E23876A521C0D4E10090EC82 /* UITextView+JKExtension.m */ = {isa = PBXFileReference; lastKnownFileType = sourcecode.c.objc; path = "UITextView+JKExtension.m"; sourceTree = "<group>"; };
		E23876A821C0DD590090EC82 /* JKLimitInput.m */ = {isa = PBXFileReference; fileEncoding = 4; lastKnownFileType = sourcecode.c.objc; path = JKLimitInput.m; sourceTree = "<group>"; };
		E23876A921C0DD590090EC82 /* JKLimitInput.h */ = {isa = PBXFileReference; fileEncoding = 4; lastKnownFileType = sourcecode.c.h; path = JKLimitInput.h; sourceTree = "<group>"; };
		E23876AB21C0DFB30090EC82 /* UIFont+JKExtension.h */ = {isa = PBXFileReference; lastKnownFileType = sourcecode.c.h; path = "UIFont+JKExtension.h"; sourceTree = "<group>"; };
		E23876AC21C0DFB30090EC82 /* UIFont+JKExtension.m */ = {isa = PBXFileReference; lastKnownFileType = sourcecode.c.objc; path = "UIFont+JKExtension.m"; sourceTree = "<group>"; };
		E23876B621C0E77F0090EC82 /* UIWebView+JKExtension.h */ = {isa = PBXFileReference; lastKnownFileType = sourcecode.c.h; path = "UIWebView+JKExtension.h"; sourceTree = "<group>"; };
		E23876B721C0E77F0090EC82 /* UIWebView+JKExtension.m */ = {isa = PBXFileReference; lastKnownFileType = sourcecode.c.objc; path = "UIWebView+JKExtension.m"; sourceTree = "<group>"; };
		E23876BC21C0F2B70090EC82 /* UIButton+JKExtension.h */ = {isa = PBXFileReference; lastKnownFileType = sourcecode.c.h; path = "UIButton+JKExtension.h"; sourceTree = "<group>"; };
		E23876BD21C0F2B70090EC82 /* UIButton+JKExtension.m */ = {isa = PBXFileReference; lastKnownFileType = sourcecode.c.objc; path = "UIButton+JKExtension.m"; sourceTree = "<group>"; };
		E23876BF21C106F60090EC82 /* UIResponder+JKExtension.h */ = {isa = PBXFileReference; lastKnownFileType = sourcecode.c.h; path = "UIResponder+JKExtension.h"; sourceTree = "<group>"; };
		E23876C021C106F60090EC82 /* UIResponder+JKExtension.m */ = {isa = PBXFileReference; lastKnownFileType = sourcecode.c.objc; path = "UIResponder+JKExtension.m"; sourceTree = "<group>"; };
		E23876C221C109C30090EC82 /* UIApplication+JKExtension.h */ = {isa = PBXFileReference; lastKnownFileType = sourcecode.c.h; path = "UIApplication+JKExtension.h"; sourceTree = "<group>"; };
		E23876C321C109C30090EC82 /* UIApplication+JKExtension.m */ = {isa = PBXFileReference; lastKnownFileType = sourcecode.c.objc; path = "UIApplication+JKExtension.m"; sourceTree = "<group>"; };
		E23876C521C10C4B0090EC82 /* UIWindow+JKHierarchy.h */ = {isa = PBXFileReference; lastKnownFileType = sourcecode.c.h; path = "UIWindow+JKHierarchy.h"; sourceTree = "<group>"; };
		E23876C621C10C4B0090EC82 /* UIWindow+JKHierarchy.m */ = {isa = PBXFileReference; lastKnownFileType = sourcecode.c.objc; path = "UIWindow+JKHierarchy.m"; sourceTree = "<group>"; };
		E23876C821C10FA50090EC82 /* UIScrollView+JKExtension.h */ = {isa = PBXFileReference; lastKnownFileType = sourcecode.c.h; path = "UIScrollView+JKExtension.h"; sourceTree = "<group>"; };
		E23876C921C10FA50090EC82 /* UIScrollView+JKExtension.m */ = {isa = PBXFileReference; lastKnownFileType = sourcecode.c.objc; path = "UIScrollView+JKExtension.m"; sourceTree = "<group>"; };
		E23876CB21C113AE0090EC82 /* UIImage+JKGIF.h */ = {isa = PBXFileReference; lastKnownFileType = sourcecode.c.h; path = "UIImage+JKGIF.h"; sourceTree = "<group>"; };
		E23876CC21C113AE0090EC82 /* UIImage+JKGIF.m */ = {isa = PBXFileReference; lastKnownFileType = sourcecode.c.objc; path = "UIImage+JKGIF.m"; sourceTree = "<group>"; };
		E23876CF21C1152C0090EC82 /* monkey.gif */ = {isa = PBXFileReference; lastKnownFileType = image.gif; path = monkey.gif; sourceTree = "<group>"; };
		E23876D121C1194B0090EC82 /* UIImage+JKDirection.h */ = {isa = PBXFileReference; lastKnownFileType = sourcecode.c.h; path = "UIImage+JKDirection.h"; sourceTree = "<group>"; };
		E23876D221C1194B0090EC82 /* UIImage+JKDirection.m */ = {isa = PBXFileReference; lastKnownFileType = sourcecode.c.objc; path = "UIImage+JKDirection.m"; sourceTree = "<group>"; };
		E23876D421C156EB0090EC82 /* UIImage+JKColorImage.h */ = {isa = PBXFileReference; lastKnownFileType = sourcecode.c.h; path = "UIImage+JKColorImage.h"; sourceTree = "<group>"; };
		E23876D521C156EB0090EC82 /* UIImage+JKColorImage.m */ = {isa = PBXFileReference; lastKnownFileType = sourcecode.c.objc; path = "UIImage+JKColorImage.m"; sourceTree = "<group>"; };
		E263D06F21B6669300D5CE90 /* UIView+JKLayout.h */ = {isa = PBXFileReference; lastKnownFileType = sourcecode.c.h; path = "UIView+JKLayout.h"; sourceTree = "<group>"; };
		E263D07021B6669300D5CE90 /* UIView+JKLayout.m */ = {isa = PBXFileReference; lastKnownFileType = sourcecode.c.objc; path = "UIView+JKLayout.m"; sourceTree = "<group>"; };
		E263D07721B66AE300D5CE90 /* JKDate.h */ = {isa = PBXFileReference; lastKnownFileType = sourcecode.c.h; path = JKDate.h; sourceTree = "<group>"; };
		E263D07821B66AE300D5CE90 /* JKDate.m */ = {isa = PBXFileReference; lastKnownFileType = sourcecode.c.objc; path = JKDate.m; sourceTree = "<group>"; };
		E263D07B21B6729900D5CE90 /* JKGCDTimer.m */ = {isa = PBXFileReference; fileEncoding = 4; lastKnownFileType = sourcecode.c.objc; path = JKGCDTimer.m; sourceTree = "<group>"; };
		E263D07C21B6729900D5CE90 /* JKGCDTimer.h */ = {isa = PBXFileReference; fileEncoding = 4; lastKnownFileType = sourcecode.c.h; path = JKGCDTimer.h; sourceTree = "<group>"; };
		E267066F2197DFFB00B41CA8 /* JKOCProjectToolDemo.app */ = {isa = PBXFileReference; explicitFileType = wrapper.application; includeInIndex = 0; path = JKOCProjectToolDemo.app; sourceTree = BUILT_PRODUCTS_DIR; };
		E26706722197DFFC00B41CA8 /* AppDelegate.h */ = {isa = PBXFileReference; lastKnownFileType = sourcecode.c.h; path = AppDelegate.h; sourceTree = "<group>"; };
		E26706732197DFFC00B41CA8 /* AppDelegate.m */ = {isa = PBXFileReference; lastKnownFileType = sourcecode.c.objc; path = AppDelegate.m; sourceTree = "<group>"; };
		E26706752197DFFC00B41CA8 /* ViewController.h */ = {isa = PBXFileReference; lastKnownFileType = sourcecode.c.h; path = ViewController.h; sourceTree = "<group>"; };
		E26706762197DFFC00B41CA8 /* ViewController.m */ = {isa = PBXFileReference; lastKnownFileType = sourcecode.c.objc; path = ViewController.m; sourceTree = "<group>"; };
		E26706792197DFFC00B41CA8 /* Base */ = {isa = PBXFileReference; lastKnownFileType = file.storyboard; name = Base; path = Base.lproj/Main.storyboard; sourceTree = "<group>"; };
		E267067B2197DFFC00B41CA8 /* Assets.xcassets */ = {isa = PBXFileReference; lastKnownFileType = folder.assetcatalog; path = Assets.xcassets; sourceTree = "<group>"; };
		E267067E2197DFFC00B41CA8 /* Base */ = {isa = PBXFileReference; lastKnownFileType = file.storyboard; name = Base; path = Base.lproj/LaunchScreen.storyboard; sourceTree = "<group>"; };
		E26706802197DFFC00B41CA8 /* Info.plist */ = {isa = PBXFileReference; lastKnownFileType = text.plist.xml; path = Info.plist; sourceTree = "<group>"; };
		E26706812197DFFC00B41CA8 /* main.m */ = {isa = PBXFileReference; lastKnownFileType = sourcecode.c.objc; path = main.m; sourceTree = "<group>"; };
		E26706872197DFFC00B41CA8 /* JKOCProjectToolDemoTests.xctest */ = {isa = PBXFileReference; explicitFileType = wrapper.cfbundle; includeInIndex = 0; path = JKOCProjectToolDemoTests.xctest; sourceTree = BUILT_PRODUCTS_DIR; };
		E267068B2197DFFC00B41CA8 /* JKOCProjectToolDemoTests.m */ = {isa = PBXFileReference; lastKnownFileType = sourcecode.c.objc; path = JKOCProjectToolDemoTests.m; sourceTree = "<group>"; };
		E267068D2197DFFC00B41CA8 /* Info.plist */ = {isa = PBXFileReference; lastKnownFileType = text.plist.xml; path = Info.plist; sourceTree = "<group>"; };
		E26706922197DFFC00B41CA8 /* JKOCProjectToolDemoUITests.xctest */ = {isa = PBXFileReference; explicitFileType = wrapper.cfbundle; includeInIndex = 0; path = JKOCProjectToolDemoUITests.xctest; sourceTree = BUILT_PRODUCTS_DIR; };
		E26706962197DFFC00B41CA8 /* JKOCProjectToolDemoUITests.m */ = {isa = PBXFileReference; lastKnownFileType = sourcecode.c.objc; path = JKOCProjectToolDemoUITests.m; sourceTree = "<group>"; };
		E26706982197DFFC00B41CA8 /* Info.plist */ = {isa = PBXFileReference; lastKnownFileType = text.plist.xml; path = Info.plist; sourceTree = "<group>"; };
		E26706AB2197E1FA00B41CA8 /* JKOCProjectTool.h */ = {isa = PBXFileReference; lastKnownFileType = sourcecode.c.h; path = JKOCProjectTool.h; sourceTree = "<group>"; };
		E276B26B21B8B08E007B374B /* JKSandboxPath.h */ = {isa = PBXFileReference; lastKnownFileType = sourcecode.c.h; path = JKSandboxPath.h; sourceTree = "<group>"; };
		E276B26C21B8B08E007B374B /* JKSandboxPath.m */ = {isa = PBXFileReference; lastKnownFileType = sourcecode.c.objc; path = JKSandboxPath.m; sourceTree = "<group>"; };
		E276B27421B90C66007B374B /* NSString+JKString.h */ = {isa = PBXFileReference; lastKnownFileType = sourcecode.c.h; path = "NSString+JKString.h"; sourceTree = "<group>"; };
		E276B27521B90C66007B374B /* NSString+JKString.m */ = {isa = PBXFileReference; lastKnownFileType = sourcecode.c.objc; path = "NSString+JKString.m"; sourceTree = "<group>"; };
		E27E279021BA58C500FF4594 /* UIImageView+JKImageView.h */ = {isa = PBXFileReference; lastKnownFileType = sourcecode.c.h; path = "UIImageView+JKImageView.h"; sourceTree = "<group>"; };
		E27E279121BA58C500FF4594 /* UIImageView+JKImageView.m */ = {isa = PBXFileReference; lastKnownFileType = sourcecode.c.objc; path = "UIImageView+JKImageView.m"; sourceTree = "<group>"; };
		E27E279321BA5EEE00FF4594 /* JKSingle.h */ = {isa = PBXFileReference; fileEncoding = 4; lastKnownFileType = sourcecode.c.h; path = JKSingle.h; sourceTree = "<group>"; };
		E27E279421BA5F5100FF4594 /* JKMacro.h */ = {isa = PBXFileReference; lastKnownFileType = sourcecode.c.h; path = JKMacro.h; sourceTree = "<group>"; };
		E27E279521BA685F00FF4594 /* JKScreenSize.h */ = {isa = PBXFileReference; lastKnownFileType = sourcecode.c.h; path = JKScreenSize.h; sourceTree = "<group>"; };
		E27E279721BA7D0400FF4594 /* JKTopWindow.h */ = {isa = PBXFileReference; fileEncoding = 4; lastKnownFileType = sourcecode.c.h; path = JKTopWindow.h; sourceTree = "<group>"; };
		E27E279821BA7D0400FF4594 /* JKTopWindow.m */ = {isa = PBXFileReference; fileEncoding = 4; lastKnownFileType = sourcecode.c.objc; path = JKTopWindow.m; sourceTree = "<group>"; };
		E2D0452721B5697900DD55CC /* NSMutableArray+JKMutableArray.h */ = {isa = PBXFileReference; lastKnownFileType = sourcecode.c.h; path = "NSMutableArray+JKMutableArray.h"; sourceTree = "<group>"; };
		E2D0452821B5697900DD55CC /* NSMutableArray+JKMutableArray.m */ = {isa = PBXFileReference; lastKnownFileType = sourcecode.c.objc; path = "NSMutableArray+JKMutableArray.m"; sourceTree = "<group>"; };
		E2DC2C7021C9CDE5001716AB /* NSObject+JKRuntime.h */ = {isa = PBXFileReference; lastKnownFileType = sourcecode.c.h; path = "NSObject+JKRuntime.h"; sourceTree = "<group>"; };
		E2DC2C7121C9CDE5001716AB /* NSObject+JKRuntime.m */ = {isa = PBXFileReference; lastKnownFileType = sourcecode.c.objc; path = "NSObject+JKRuntime.m"; sourceTree = "<group>"; };
		E2DC2C7621C9DAA1001716AB /* JKBank.plist */ = {isa = PBXFileReference; fileEncoding = 4; lastKnownFileType = text.plist.xml; path = JKBank.plist; sourceTree = "<group>"; };
		E2E4AF4321D5EE9B0045F822 /* NSData+JK_AES.m */ = {isa = PBXFileReference; fileEncoding = 4; lastKnownFileType = sourcecode.c.objc; path = "NSData+JK_AES.m"; sourceTree = "<group>"; };
		E2E4AF4421D5EE9B0045F822 /* NSString+JK_MD5.m */ = {isa = PBXFileReference; fileEncoding = 4; lastKnownFileType = sourcecode.c.objc; path = "NSString+JK_MD5.m"; sourceTree = "<group>"; };
		E2E4AF4521D5EE9B0045F822 /* NSString+JK_MD5.h */ = {isa = PBXFileReference; fileEncoding = 4; lastKnownFileType = sourcecode.c.h; path = "NSString+JK_MD5.h"; sourceTree = "<group>"; };
		E2E4AF4621D5EE9B0045F822 /* NSData+JK_AES.h */ = {isa = PBXFileReference; fileEncoding = 4; lastKnownFileType = sourcecode.c.h; path = "NSData+JK_AES.h"; sourceTree = "<group>"; };
		E2E4AF4A21D5EF160045F822 /* JKRSATool.m */ = {isa = PBXFileReference; fileEncoding = 4; lastKnownFileType = sourcecode.c.objc; path = JKRSATool.m; sourceTree = "<group>"; };
		E2E4AF4B21D5EF160045F822 /* JKRSATool.h */ = {isa = PBXFileReference; fileEncoding = 4; lastKnownFileType = sourcecode.c.h; path = JKRSATool.h; sourceTree = "<group>"; };
		E2E4AF4D21D5EFA10045F822 /* RSATestViewController.h */ = {isa = PBXFileReference; lastKnownFileType = sourcecode.c.h; path = RSATestViewController.h; sourceTree = "<group>"; };
		E2E4AF4E21D5EFA10045F822 /* RSATestViewController.m */ = {isa = PBXFileReference; lastKnownFileType = sourcecode.c.objc; path = RSATestViewController.m; sourceTree = "<group>"; };
		E2E4AF5021D5F01C0045F822 /* private_key.p12 */ = {isa = PBXFileReference; lastKnownFileType = file; path = private_key.p12; sourceTree = "<group>"; };
		E2E4AF5121D5F01C0045F822 /* public_key.der */ = {isa = PBXFileReference; lastKnownFileType = file; path = public_key.der; sourceTree = "<group>"; };
		E2E4AF5421D5F0370045F822 /* TestViewController.h */ = {isa = PBXFileReference; lastKnownFileType = sourcecode.c.h; path = TestViewController.h; sourceTree = "<group>"; };
		E2E4AF5521D5F0370045F822 /* TestViewController.m */ = {isa = PBXFileReference; lastKnownFileType = sourcecode.c.objc; path = TestViewController.m; sourceTree = "<group>"; };
		E2E6215021B75C4F004838E4 /* UIColor+JKColor.h */ = {isa = PBXFileReference; lastKnownFileType = sourcecode.c.h; path = "UIColor+JKColor.h"; sourceTree = "<group>"; };
		E2E6215121B75C4F004838E4 /* UIColor+JKColor.m */ = {isa = PBXFileReference; lastKnownFileType = sourcecode.c.objc; path = "UIColor+JKColor.m"; sourceTree = "<group>"; };
		E2E6215321B76195004838E4 /* UIImage+JKImage.h */ = {isa = PBXFileReference; lastKnownFileType = sourcecode.c.h; path = "UIImage+JKImage.h"; sourceTree = "<group>"; };
		E2E6215421B76195004838E4 /* UIImage+JKImage.m */ = {isa = PBXFileReference; lastKnownFileType = sourcecode.c.objc; path = "UIImage+JKImage.m"; sourceTree = "<group>"; };
		E2E6215621B762E5004838E4 /* UIBarButtonItem+JKBarbuttonItem.h */ = {isa = PBXFileReference; lastKnownFileType = sourcecode.c.h; path = "UIBarButtonItem+JKBarbuttonItem.h"; sourceTree = "<group>"; };
		E2E6215721B762E5004838E4 /* UIBarButtonItem+JKBarbuttonItem.m */ = {isa = PBXFileReference; lastKnownFileType = sourcecode.c.objc; path = "UIBarButtonItem+JKBarbuttonItem.m"; sourceTree = "<group>"; };
		E2E6215921B763AD004838E4 /* JKPrefixHeader.pch */ = {isa = PBXFileReference; lastKnownFileType = sourcecode.c.h; path = JKPrefixHeader.pch; sourceTree = "<group>"; };
		E2E6215B21B76B10004838E4 /* JKTextExtension.h */ = {isa = PBXFileReference; lastKnownFileType = sourcecode.c.h; path = JKTextExtension.h; sourceTree = "<group>"; };
		E2E6215C21B76B10004838E4 /* JKTextExtension.m */ = {isa = PBXFileReference; lastKnownFileType = sourcecode.c.objc; path = JKTextExtension.m; sourceTree = "<group>"; };
		E2EDBC6021BB8465003B87CA /* CALayer+JKLayer.h */ = {isa = PBXFileReference; lastKnownFileType = sourcecode.c.h; path = "CALayer+JKLayer.h"; sourceTree = "<group>"; };
		E2EDBC6121BB8465003B87CA /* CALayer+JKLayer.m */ = {isa = PBXFileReference; lastKnownFileType = sourcecode.c.objc; path = "CALayer+JKLayer.m"; sourceTree = "<group>"; };
		E2EDBC6621BB9376003B87CA /* UIViewController+JKViewController.h */ = {isa = PBXFileReference; lastKnownFileType = sourcecode.c.h; path = "UIViewController+JKViewController.h"; sourceTree = "<group>"; };
		E2EDBC6721BB9376003B87CA /* UIViewController+JKViewController.m */ = {isa = PBXFileReference; lastKnownFileType = sourcecode.c.objc; path = "UIViewController+JKViewController.m"; sourceTree = "<group>"; };
		E2EDBC6921BB94FF003B87CA /* UINavigationController+JKNavigationController.h */ = {isa = PBXFileReference; lastKnownFileType = sourcecode.c.h; path = "UINavigationController+JKNavigationController.h"; sourceTree = "<group>"; };
		E2EDBC6A21BB94FF003B87CA /* UINavigationController+JKNavigationController.m */ = {isa = PBXFileReference; lastKnownFileType = sourcecode.c.objc; path = "UINavigationController+JKNavigationController.m"; sourceTree = "<group>"; };
		E2EDBC6C21BB95E8003B87CA /* UILabel+JKLabel.h */ = {isa = PBXFileReference; lastKnownFileType = sourcecode.c.h; path = "UILabel+JKLabel.h"; sourceTree = "<group>"; };
		E2EDBC6D21BB95E8003B87CA /* UILabel+JKLabel.m */ = {isa = PBXFileReference; lastKnownFileType = sourcecode.c.objc; path = "UILabel+JKLabel.m"; sourceTree = "<group>"; };
		E2EDBC6F21BB9DBE003B87CA /* Test2ViewController.h */ = {isa = PBXFileReference; lastKnownFileType = sourcecode.c.h; path = Test2ViewController.h; sourceTree = "<group>"; };
		E2EDBC7021BB9DBE003B87CA /* Test2ViewController.m */ = {isa = PBXFileReference; lastKnownFileType = sourcecode.c.objc; path = Test2ViewController.m; sourceTree = "<group>"; };
		E2EDBC7221BB9DCA003B87CA /* Test3ViewController.h */ = {isa = PBXFileReference; lastKnownFileType = sourcecode.c.h; path = Test3ViewController.h; sourceTree = "<group>"; };
		E2EDBC7321BB9DCA003B87CA /* Test3ViewController.m */ = {isa = PBXFileReference; lastKnownFileType = sourcecode.c.objc; path = Test3ViewController.m; sourceTree = "<group>"; };
		E2EDBC7521BB9DD4003B87CA /* Test4ViewController.h */ = {isa = PBXFileReference; lastKnownFileType = sourcecode.c.h; path = Test4ViewController.h; sourceTree = "<group>"; };
		E2EDBC7621BB9DD4003B87CA /* Test4ViewController.m */ = {isa = PBXFileReference; lastKnownFileType = sourcecode.c.objc; path = Test4ViewController.m; sourceTree = "<group>"; };
		E2EDBC7821BB9DE2003B87CA /* Test5ViewController.h */ = {isa = PBXFileReference; lastKnownFileType = sourcecode.c.h; path = Test5ViewController.h; sourceTree = "<group>"; };
		E2EDBC7921BB9DE2003B87CA /* Test5ViewController.m */ = {isa = PBXFileReference; lastKnownFileType = sourcecode.c.objc; path = Test5ViewController.m; sourceTree = "<group>"; };
		E2F073DC21C0005E00A4ADC7 /* UIDevice+JKHardware.h */ = {isa = PBXFileReference; lastKnownFileType = sourcecode.c.h; path = "UIDevice+JKHardware.h"; sourceTree = "<group>"; };
		E2F073DD21C0005E00A4ADC7 /* UIDevice+JKHardware.m */ = {isa = PBXFileReference; lastKnownFileType = sourcecode.c.objc; path = "UIDevice+JKHardware.m"; sourceTree = "<group>"; };
/* End PBXFileReference section */

/* Begin PBXFrameworksBuildPhase section */
		E267066C2197DFFB00B41CA8 /* Frameworks */ = {
			isa = PBXFrameworksBuildPhase;
			buildActionMask = 2147483647;
			files = (
			);
			runOnlyForDeploymentPostprocessing = 0;
		};
		E26706842197DFFC00B41CA8 /* Frameworks */ = {
			isa = PBXFrameworksBuildPhase;
			buildActionMask = 2147483647;
			files = (
			);
			runOnlyForDeploymentPostprocessing = 0;
		};
		E267068F2197DFFC00B41CA8 /* Frameworks */ = {
			isa = PBXFrameworksBuildPhase;
			buildActionMask = 2147483647;
			files = (
			);
			runOnlyForDeploymentPostprocessing = 0;
		};
/* End PBXFrameworksBuildPhase section */

/* Begin PBXGroup section */
		E20F22F421BF973600F45F27 /* JKFoundation */ = {
			isa = PBXGroup;
			children = (
				E2D0452721B5697900DD55CC /* NSMutableArray+JKMutableArray.h */,
				E2D0452821B5697900DD55CC /* NSMutableArray+JKMutableArray.m */,
				E20F209021BF58D300F45F27 /* NSData+JKData.h */,
				E20F209121BF58D300F45F27 /* NSData+JKData.m */,
				E20F22F121BF940D00F45F27 /* NSData+JKHash.h */,
				E20F22F221BF940D00F45F27 /* NSData+JKHash.m */,
				E20F22EB21BF92E800F45F27 /* NSData+JKEncrypt.h */,
				E20F22EC21BF92E800F45F27 /* NSData+JKEncrypt.m */,
				E20F22EE21BF936F00F45F27 /* NSData+JKGzip.h */,
				E20F22EF21BF936F00F45F27 /* NSData+JKGzip.m */,
				E20F22D021BF867E00F45F27 /* NSData+JKBase64.h */,
				E20F22D121BF867E00F45F27 /* NSData+JKBase64.m */,
				E276B27421B90C66007B374B /* NSString+JKString.h */,
				E276B27521B90C66007B374B /* NSString+JKString.m */,
				E20F22E821BF900F00F45F27 /* NSString+JKHash.h */,
				E20F22E921BF900F00F45F27 /* NSString+JKHash.m */,
				E20F22E521BF8F8200F45F27 /* NSString+JKRemoveEmoji.h */,
				E20F22E621BF8F8200F45F27 /* NSString+JKRemoveEmoji.m */,
				E20F22E221BF8DDE00F45F27 /* NSString+JKPinyin.h */,
				E20F22E321BF8DDE00F45F27 /* NSString+JKPinyin.m */,
				E20F22DF21BF8C9D00F45F27 /* NSString+JKXML.h */,
				E20F22E021BF8C9D00F45F27 /* NSString+JKXML.m */,
				E20F22D921BF8BA200F45F27 /* NSString+JKContains.h */,
				E20F22DA21BF8BA200F45F27 /* NSString+JKContains.m */,
				E20F22D321BF875700F45F27 /* NSString+JKBase64.h */,
				E20F22D421BF875700F45F27 /* NSString+JKBase64.m */,
				E2E4AF4621D5EE9B0045F822 /* NSData+JK_AES.h */,
				E2E4AF4321D5EE9B0045F822 /* NSData+JK_AES.m */,
				E2E4AF4521D5EE9B0045F822 /* NSString+JK_MD5.h */,
				E2E4AF4421D5EE9B0045F822 /* NSString+JK_MD5.m */,
				E20F22D621BF882200F45F27 /* NSString+JKRegex.h */,
				E20F22D721BF882200F45F27 /* NSString+JKRegex.m */,
				E20F22C721BF7C8C00F45F27 /* NSDate+JKExtension.h */,
				E20F22C821BF7C8C00F45F27 /* NSDate+JKExtension.m */,
				E20F22CA21BF7F5200F45F27 /* NSDate+JKFormatter.h */,
				E20F22CB21BF7F5200F45F27 /* NSDate+JKFormatter.m */,
				E23876AB21C0DFB30090EC82 /* UIFont+JKExtension.h */,
				E23876AC21C0DFB30090EC82 /* UIFont+JKExtension.m */,
				E2DC2C7021C9CDE5001716AB /* NSObject+JKRuntime.h */,
				E2DC2C7121C9CDE5001716AB /* NSObject+JKRuntime.m */,
			);
			path = JKFoundation;
			sourceTree = "<group>";
		};
		E20F22F521BF973600F45F27 /* JKUIKit */ = {
			isa = PBXGroup;
			children = (
				E263D06F21B6669300D5CE90 /* UIView+JKLayout.h */,
				E263D07021B6669300D5CE90 /* UIView+JKLayout.m */,
				E2E6215021B75C4F004838E4 /* UIColor+JKColor.h */,
				E2E6215121B75C4F004838E4 /* UIColor+JKColor.m */,
				E2E6215321B76195004838E4 /* UIImage+JKImage.h */,
				E2E6215421B76195004838E4 /* UIImage+JKImage.m */,
				E234EEB221C7994100112FC3 /* UIImage+JKScaleVideoImage.h */,
				E234EEB321C7994100112FC3 /* UIImage+JKScaleVideoImage.m */,
				E23876D421C156EB0090EC82 /* UIImage+JKColorImage.h */,
				E23876D521C156EB0090EC82 /* UIImage+JKColorImage.m */,
				E23876CB21C113AE0090EC82 /* UIImage+JKGIF.h */,
				E23876CC21C113AE0090EC82 /* UIImage+JKGIF.m */,
				E23876D121C1194B0090EC82 /* UIImage+JKDirection.h */,
				E23876D221C1194B0090EC82 /* UIImage+JKDirection.m */,
				E27E279021BA58C500FF4594 /* UIImageView+JKImageView.h */,
				E27E279121BA58C500FF4594 /* UIImageView+JKImageView.m */,
				E2E6215621B762E5004838E4 /* UIBarButtonItem+JKBarbuttonItem.h */,
				E2E6215721B762E5004838E4 /* UIBarButtonItem+JKBarbuttonItem.m */,
				E23876BC21C0F2B70090EC82 /* UIButton+JKExtension.h */,
				E23876BD21C0F2B70090EC82 /* UIButton+JKExtension.m */,
				E2EDBC6021BB8465003B87CA /* CALayer+JKLayer.h */,
				E2EDBC6121BB8465003B87CA /* CALayer+JKLayer.m */,
				E2EDBC6621BB9376003B87CA /* UIViewController+JKViewController.h */,
				E2EDBC6721BB9376003B87CA /* UIViewController+JKViewController.m */,
				E2EDBC6921BB94FF003B87CA /* UINavigationController+JKNavigationController.h */,
				E2EDBC6A21BB94FF003B87CA /* UINavigationController+JKNavigationController.m */,
				E2EDBC6C21BB95E8003B87CA /* UILabel+JKLabel.h */,
				E2EDBC6D21BB95E8003B87CA /* UILabel+JKLabel.m */,
				E20F22F621BF9B7400F45F27 /* UITextField+JKTextField.h */,
				E20F22F721BF9B7400F45F27 /* UITextField+JKTextField.m */,
				E23876A421C0D4E10090EC82 /* UITextView+JKExtension.h */,
				E23876A521C0D4E10090EC82 /* UITextView+JKExtension.m */,
				E2F073DC21C0005E00A4ADC7 /* UIDevice+JKHardware.h */,
				E2F073DD21C0005E00A4ADC7 /* UIDevice+JKHardware.m */,
				E23876B621C0E77F0090EC82 /* UIWebView+JKExtension.h */,
				E23876B721C0E77F0090EC82 /* UIWebView+JKExtension.m */,
				E23876BF21C106F60090EC82 /* UIResponder+JKExtension.h */,
				E23876C021C106F60090EC82 /* UIResponder+JKExtension.m */,
				E23876C221C109C30090EC82 /* UIApplication+JKExtension.h */,
				E23876C321C109C30090EC82 /* UIApplication+JKExtension.m */,
				E23876C521C10C4B0090EC82 /* UIWindow+JKHierarchy.h */,
				E23876C621C10C4B0090EC82 /* UIWindow+JKHierarchy.m */,
				E23876C821C10FA50090EC82 /* UIScrollView+JKExtension.h */,
				E23876C921C10FA50090EC82 /* UIScrollView+JKExtension.m */,
			);
			path = JKUIKit;
			sourceTree = "<group>";
		};
		E23876A721C0DD590090EC82 /* JKLimitInput */ = {
			isa = PBXGroup;
			children = (
				E23876A921C0DD590090EC82 /* JKLimitInput.h */,
				E23876A821C0DD590090EC82 /* JKLimitInput.m */,
			);
			path = JKLimitInput;
			sourceTree = "<group>";
		};
		E23876CE21C1152C0090EC82 /* JKResource */ = {
			isa = PBXGroup;
			children = (
				E2E4AF5021D5F01C0045F822 /* private_key.p12 */,
				E2E4AF5121D5F01C0045F822 /* public_key.der */,
				E23876CF21C1152C0090EC82 /* monkey.gif */,
			);
			path = JKResource;
			sourceTree = "<group>";
		};
		E263D07221B66A3600D5CE90 /* JKKit */ = {
			isa = PBXGroup;
			children = (
				E2E4AF4921D5EF160045F822 /* JKRSATool */,
				E23876A721C0DD590090EC82 /* JKLimitInput */,
				E27E279621BA7D0400FF4594 /* JKTopWindow */,
				E276B26A21B8B058007B374B /* JKSandboxPath */,
				E2E6215A21B76AF1004838E4 /* JKTextExtension */,
				E263D07A21B6729900D5CE90 /* JKGCDTimer */,
				E263D07621B66ACC00D5CE90 /* JKDate */,
			);
			path = JKKit;
			sourceTree = "<group>";
		};
		E263D07621B66ACC00D5CE90 /* JKDate */ = {
			isa = PBXGroup;
			children = (
				E263D07721B66AE300D5CE90 /* JKDate.h */,
				E263D07821B66AE300D5CE90 /* JKDate.m */,
			);
			path = JKDate;
			sourceTree = "<group>";
		};
		E263D07A21B6729900D5CE90 /* JKGCDTimer */ = {
			isa = PBXGroup;
			children = (
				E263D07C21B6729900D5CE90 /* JKGCDTimer.h */,
				E263D07B21B6729900D5CE90 /* JKGCDTimer.m */,
			);
			path = JKGCDTimer;
			sourceTree = "<group>";
		};
		E26706662197DFFB00B41CA8 = {
			isa = PBXGroup;
			children = (
				E26706712197DFFB00B41CA8 /* JKOCProjectToolDemo */,
				E267068A2197DFFC00B41CA8 /* JKOCProjectToolDemoTests */,
				E26706952197DFFC00B41CA8 /* JKOCProjectToolDemoUITests */,
				E26706702197DFFB00B41CA8 /* Products */,
			);
			sourceTree = "<group>";
		};
		E26706702197DFFB00B41CA8 /* Products */ = {
			isa = PBXGroup;
			children = (
				E267066F2197DFFB00B41CA8 /* JKOCProjectToolDemo.app */,
				E26706872197DFFC00B41CA8 /* JKOCProjectToolDemoTests.xctest */,
				E26706922197DFFC00B41CA8 /* JKOCProjectToolDemoUITests.xctest */,
			);
			name = Products;
			sourceTree = "<group>";
		};
		E26706712197DFFB00B41CA8 /* JKOCProjectToolDemo */ = {
			isa = PBXGroup;
			children = (
				E26706A62197E13100B41CA8 /* JKOCProjectTool */,
				E26706722197DFFC00B41CA8 /* AppDelegate.h */,
				E26706732197DFFC00B41CA8 /* AppDelegate.m */,
				E26706752197DFFC00B41CA8 /* ViewController.h */,
				E26706762197DFFC00B41CA8 /* ViewController.m */,
				E2E4AF5421D5F0370045F822 /* TestViewController.h */,
				E2E4AF5521D5F0370045F822 /* TestViewController.m */,
				E2EDBC6F21BB9DBE003B87CA /* Test2ViewController.h */,
				E2EDBC7021BB9DBE003B87CA /* Test2ViewController.m */,
				E2EDBC7221BB9DCA003B87CA /* Test3ViewController.h */,
				E2EDBC7321BB9DCA003B87CA /* Test3ViewController.m */,
				E2EDBC7521BB9DD4003B87CA /* Test4ViewController.h */,
				E2EDBC7621BB9DD4003B87CA /* Test4ViewController.m */,
				E2EDBC7821BB9DE2003B87CA /* Test5ViewController.h */,
				E2EDBC7921BB9DE2003B87CA /* Test5ViewController.m */,
				E2E4AF4D21D5EFA10045F822 /* RSATestViewController.h */,
				E2E4AF4E21D5EFA10045F822 /* RSATestViewController.m */,
				E208EBE821D61CA0008EFD53 /* DateViewController.h */,
				E208EBE921D61CA0008EFD53 /* DateViewController.m */,
				E208EBEB21D62FEE008EFD53 /* MD5TestViewController.h */,
				E208EBEC21D62FEE008EFD53 /* MD5TestViewController.m */,
				E23876CE21C1152C0090EC82 /* JKResource */,
				E26706782197DFFC00B41CA8 /* Main.storyboard */,
				E267067B2197DFFC00B41CA8 /* Assets.xcassets */,
				E267067D2197DFFC00B41CA8 /* LaunchScreen.storyboard */,
				E26706802197DFFC00B41CA8 /* Info.plist */,
				E26706812197DFFC00B41CA8 /* main.m */,
				E2E6215921B763AD004838E4 /* JKPrefixHeader.pch */,
			);
			path = JKOCProjectToolDemo;
			sourceTree = "<group>";
		};
		E267068A2197DFFC00B41CA8 /* JKOCProjectToolDemoTests */ = {
			isa = PBXGroup;
			children = (
				E267068B2197DFFC00B41CA8 /* JKOCProjectToolDemoTests.m */,
				E267068D2197DFFC00B41CA8 /* Info.plist */,
			);
			path = JKOCProjectToolDemoTests;
			sourceTree = "<group>";
		};
		E26706952197DFFC00B41CA8 /* JKOCProjectToolDemoUITests */ = {
			isa = PBXGroup;
			children = (
				E26706962197DFFC00B41CA8 /* JKOCProjectToolDemoUITests.m */,
				E26706982197DFFC00B41CA8 /* Info.plist */,
			);
			path = JKOCProjectToolDemoUITests;
			sourceTree = "<group>";
		};
		E26706A62197E13100B41CA8 /* JKOCProjectTool */ = {
			isa = PBXGroup;
			children = (
				E2DC2C7521C9DA8D001716AB /* JKResource */,
				E263D07221B66A3600D5CE90 /* JKKit */,
				E2EBD18821B23420002AEF19 /* JKCategory */,
				E26706AB2197E1FA00B41CA8 /* JKOCProjectTool.h */,
			);
			path = JKOCProjectTool;
			sourceTree = SOURCE_ROOT;
		};
		E276B26A21B8B058007B374B /* JKSandboxPath */ = {
			isa = PBXGroup;
			children = (
				E276B26B21B8B08E007B374B /* JKSandboxPath.h */,
				E276B26C21B8B08E007B374B /* JKSandboxPath.m */,
			);
			path = JKSandboxPath;
			sourceTree = "<group>";
		};
		E27E279621BA7D0400FF4594 /* JKTopWindow */ = {
			isa = PBXGroup;
			children = (
				E27E279721BA7D0400FF4594 /* JKTopWindow.h */,
				E27E279821BA7D0400FF4594 /* JKTopWindow.m */,
			);
			path = JKTopWindow;
			sourceTree = "<group>";
		};
		E2DC2C7521C9DA8D001716AB /* JKResource */ = {
			isa = PBXGroup;
			children = (
				E2DC2C7621C9DAA1001716AB /* JKBank.plist */,
			);
			path = JKResource;
			sourceTree = "<group>";
		};
		E2E4AF4921D5EF160045F822 /* JKRSATool */ = {
			isa = PBXGroup;
			children = (
				E2E4AF4B21D5EF160045F822 /* JKRSATool.h */,
				E2E4AF4A21D5EF160045F822 /* JKRSATool.m */,
			);
			path = JKRSATool;
			sourceTree = "<group>";
		};
		E2E6215A21B76AF1004838E4 /* JKTextExtension */ = {
			isa = PBXGroup;
			children = (
				E2E6215B21B76B10004838E4 /* JKTextExtension.h */,
				E2E6215C21B76B10004838E4 /* JKTextExtension.m */,
			);
			path = JKTextExtension;
			sourceTree = "<group>";
		};
		E2EBD18821B23420002AEF19 /* JKCategory */ = {
			isa = PBXGroup;
			children = (
				E27E279321BA5EEE00FF4594 /* JKSingle.h */,
				E27E279421BA5F5100FF4594 /* JKMacro.h */,
				E27E279521BA685F00FF4594 /* JKScreenSize.h */,
				E20F22F421BF973600F45F27 /* JKFoundation */,
				E20F22F521BF973600F45F27 /* JKUIKit */,
			);
			path = JKCategory;
			sourceTree = "<group>";
		};
/* End PBXGroup section */

/* Begin PBXNativeTarget section */
		E267066E2197DFFB00B41CA8 /* JKOCProjectToolDemo */ = {
			isa = PBXNativeTarget;
			buildConfigurationList = E267069B2197DFFC00B41CA8 /* Build configuration list for PBXNativeTarget "JKOCProjectToolDemo" */;
			buildPhases = (
				E267066B2197DFFB00B41CA8 /* Sources */,
				E267066C2197DFFB00B41CA8 /* Frameworks */,
				E267066D2197DFFB00B41CA8 /* Resources */,
			);
			buildRules = (
			);
			dependencies = (
			);
			name = JKOCProjectToolDemo;
			productName = JKOCProjectToolDemo;
			productReference = E267066F2197DFFB00B41CA8 /* JKOCProjectToolDemo.app */;
			productType = "com.apple.product-type.application";
		};
		E26706862197DFFC00B41CA8 /* JKOCProjectToolDemoTests */ = {
			isa = PBXNativeTarget;
			buildConfigurationList = E267069E2197DFFC00B41CA8 /* Build configuration list for PBXNativeTarget "JKOCProjectToolDemoTests" */;
			buildPhases = (
				E26706832197DFFC00B41CA8 /* Sources */,
				E26706842197DFFC00B41CA8 /* Frameworks */,
				E26706852197DFFC00B41CA8 /* Resources */,
			);
			buildRules = (
			);
			dependencies = (
				E26706892197DFFC00B41CA8 /* PBXTargetDependency */,
			);
			name = JKOCProjectToolDemoTests;
			productName = JKOCProjectToolDemoTests;
			productReference = E26706872197DFFC00B41CA8 /* JKOCProjectToolDemoTests.xctest */;
			productType = "com.apple.product-type.bundle.unit-test";
		};
		E26706912197DFFC00B41CA8 /* JKOCProjectToolDemoUITests */ = {
			isa = PBXNativeTarget;
			buildConfigurationList = E26706A12197DFFC00B41CA8 /* Build configuration list for PBXNativeTarget "JKOCProjectToolDemoUITests" */;
			buildPhases = (
				E267068E2197DFFC00B41CA8 /* Sources */,
				E267068F2197DFFC00B41CA8 /* Frameworks */,
				E26706902197DFFC00B41CA8 /* Resources */,
			);
			buildRules = (
			);
			dependencies = (
				E26706942197DFFC00B41CA8 /* PBXTargetDependency */,
			);
			name = JKOCProjectToolDemoUITests;
			productName = JKOCProjectToolDemoUITests;
			productReference = E26706922197DFFC00B41CA8 /* JKOCProjectToolDemoUITests.xctest */;
			productType = "com.apple.product-type.bundle.ui-testing";
		};
/* End PBXNativeTarget section */

/* Begin PBXProject section */
		E26706672197DFFB00B41CA8 /* Project object */ = {
			isa = PBXProject;
			attributes = {
				LastUpgradeCheck = 1000;
				ORGANIZATIONNAME = "JK科技有限公司";
				TargetAttributes = {
					E267066E2197DFFB00B41CA8 = {
						CreatedOnToolsVersion = 10.0;
					};
					E26706862197DFFC00B41CA8 = {
						CreatedOnToolsVersion = 10.0;
						TestTargetID = E267066E2197DFFB00B41CA8;
					};
					E26706912197DFFC00B41CA8 = {
						CreatedOnToolsVersion = 10.0;
						TestTargetID = E267066E2197DFFB00B41CA8;
					};
				};
			};
			buildConfigurationList = E267066A2197DFFB00B41CA8 /* Build configuration list for PBXProject "JKOCProjectToolDemo" */;
			compatibilityVersion = "Xcode 9.3";
			developmentRegion = en;
			hasScannedForEncodings = 0;
			knownRegions = (
				en,
				Base,
			);
			mainGroup = E26706662197DFFB00B41CA8;
			productRefGroup = E26706702197DFFB00B41CA8 /* Products */;
			projectDirPath = "";
			projectRoot = "";
			targets = (
				E267066E2197DFFB00B41CA8 /* JKOCProjectToolDemo */,
				E26706862197DFFC00B41CA8 /* JKOCProjectToolDemoTests */,
				E26706912197DFFC00B41CA8 /* JKOCProjectToolDemoUITests */,
			);
		};
/* End PBXProject section */

/* Begin PBXResourcesBuildPhase section */
		E267066D2197DFFB00B41CA8 /* Resources */ = {
			isa = PBXResourcesBuildPhase;
			buildActionMask = 2147483647;
			files = (
				E267067F2197DFFC00B41CA8 /* LaunchScreen.storyboard in Resources */,
				E2DC2C7721C9DAA1001716AB /* JKBank.plist in Resources */,
				E267067C2197DFFC00B41CA8 /* Assets.xcassets in Resources */,
				E23876D021C1152C0090EC82 /* monkey.gif in Resources */,
				E267067A2197DFFC00B41CA8 /* Main.storyboard in Resources */,
				E2E4AF5321D5F01C0045F822 /* public_key.der in Resources */,
				E2E4AF5221D5F01C0045F822 /* private_key.p12 in Resources */,
			);
			runOnlyForDeploymentPostprocessing = 0;
		};
		E26706852197DFFC00B41CA8 /* Resources */ = {
			isa = PBXResourcesBuildPhase;
			buildActionMask = 2147483647;
			files = (
			);
			runOnlyForDeploymentPostprocessing = 0;
		};
		E26706902197DFFC00B41CA8 /* Resources */ = {
			isa = PBXResourcesBuildPhase;
			buildActionMask = 2147483647;
			files = (
			);
			runOnlyForDeploymentPostprocessing = 0;
		};
/* End PBXResourcesBuildPhase section */

/* Begin PBXSourcesBuildPhase section */
		E267066B2197DFFB00B41CA8 /* Sources */ = {
			isa = PBXSourcesBuildPhase;
			buildActionMask = 2147483647;
			files = (
				E20F22C921BF7C8C00F45F27 /* NSDate+JKExtension.m in Sources */,
				E2EDBC6E21BB95E8003B87CA /* UILabel+JKLabel.m in Sources */,
				E23876B821C0E77F0090EC82 /* UIWebView+JKExtension.m in Sources */,
				E2EDBC6B21BB94FF003B87CA /* UINavigationController+JKNavigationController.m in Sources */,
				E2EDBC7421BB9DCA003B87CA /* Test3ViewController.m in Sources */,
				E2E6215221B75C4F004838E4 /* UIColor+JKColor.m in Sources */,
				E2E6215521B76195004838E4 /* UIImage+JKImage.m in Sources */,
				E2E4AF4721D5EE9B0045F822 /* NSData+JK_AES.m in Sources */,
				E20F22CC21BF7F5200F45F27 /* NSDate+JKFormatter.m in Sources */,
				E20F22F021BF936F00F45F27 /* NSData+JKGzip.m in Sources */,
				E234EEB421C7994100112FC3 /* UIImage+JKScaleVideoImage.m in Sources */,
				E26706772197DFFC00B41CA8 /* ViewController.m in Sources */,
				E20F22D221BF867E00F45F27 /* NSData+JKBase64.m in Sources */,
				E2EDBC7121BB9DBE003B87CA /* Test2ViewController.m in Sources */,
				E20F209221BF58D300F45F27 /* NSData+JKData.m in Sources */,
				E20F22E121BF8C9D00F45F27 /* NSString+JKXML.m in Sources */,
				E276B26D21B8B08E007B374B /* JKSandboxPath.m in Sources */,
				E276B27621B90C66007B374B /* NSString+JKString.m in Sources */,
				E263D07D21B6729900D5CE90 /* JKGCDTimer.m in Sources */,
				E2EDBC7A21BB9DE2003B87CA /* Test5ViewController.m in Sources */,
				E20F22DB21BF8BA200F45F27 /* NSString+JKContains.m in Sources */,
				E2DC2C7221C9CDE5001716AB /* NSObject+JKRuntime.m in Sources */,
				E2E4AF5621D5F0370045F822 /* TestViewController.m in Sources */,
				E23876C121C106F60090EC82 /* UIResponder+JKExtension.m in Sources */,
				E20F22D521BF875700F45F27 /* NSString+JKBase64.m in Sources */,
				E23876D621C156EB0090EC82 /* UIImage+JKColorImage.m in Sources */,
				E23876CD21C113AE0090EC82 /* UIImage+JKGIF.m in Sources */,
				E208EBED21D62FEE008EFD53 /* MD5TestViewController.m in Sources */,
				E23876BE21C0F2B70090EC82 /* UIButton+JKExtension.m in Sources */,
				E23876AD21C0DFB30090EC82 /* UIFont+JKExtension.m in Sources */,
				E20F22E721BF8F8200F45F27 /* NSString+JKRemoveEmoji.m in Sources */,
				E2EDBC6821BB9376003B87CA /* UIViewController+JKViewController.m in Sources */,
				E20F22ED21BF92E800F45F27 /* NSData+JKEncrypt.m in Sources */,
				E23876CA21C10FA50090EC82 /* UIScrollView+JKExtension.m in Sources */,
				E23876A621C0D4E10090EC82 /* UITextView+JKExtension.m in Sources */,
				E26706822197DFFC00B41CA8 /* main.m in Sources */,
				E23876D321C1194B0090EC82 /* UIImage+JKDirection.m in Sources */,
				E263D07921B66AE300D5CE90 /* JKDate.m in Sources */,
				E26706742197DFFC00B41CA8 /* AppDelegate.m in Sources */,
				E2D0452921B5697900DD55CC /* NSMutableArray+JKMutableArray.m in Sources */,
				E2EDBC6221BB8465003B87CA /* CALayer+JKLayer.m in Sources */,
				E2E4AF4C21D5EF160045F822 /* JKRSATool.m in Sources */,
				E2E6215D21B76B10004838E4 /* JKTextExtension.m in Sources */,
				E23876AA21C0DD590090EC82 /* JKLimitInput.m in Sources */,
				E2EDBC7721BB9DD4003B87CA /* Test4ViewController.m in Sources */,
				E27E279921BA7D0400FF4594 /* JKTopWindow.m in Sources */,
				E2E6215821B762E5004838E4 /* UIBarButtonItem+JKBarbuttonItem.m in Sources */,
				E23876C421C109C30090EC82 /* UIApplication+JKExtension.m in Sources */,
				E20F22D821BF882200F45F27 /* NSString+JKRegex.m in Sources */,
				E2E4AF4F21D5EFA10045F822 /* RSATestViewController.m in Sources */,
				E2E4AF4821D5EE9B0045F822 /* NSString+JK_MD5.m in Sources */,
				E23876C721C10C4B0090EC82 /* UIWindow+JKHierarchy.m in Sources */,
				E20F22F821BF9B7400F45F27 /* UITextField+JKTextField.m in Sources */,
				E208EBEA21D61CA0008EFD53 /* DateViewController.m in Sources */,
				E20F22E421BF8DDE00F45F27 /* NSString+JKPinyin.m in Sources */,
				E2F073DE21C0005E00A4ADC7 /* UIDevice+JKHardware.m in Sources */,
				E20F22F321BF940D00F45F27 /* NSData+JKHash.m in Sources */,
				E27E279221BA58C500FF4594 /* UIImageView+JKImageView.m in Sources */,
				E20F22EA21BF900F00F45F27 /* NSString+JKHash.m in Sources */,
				E263D07121B6669300D5CE90 /* UIView+JKLayout.m in Sources */,
			);
			runOnlyForDeploymentPostprocessing = 0;
		};
		E26706832197DFFC00B41CA8 /* Sources */ = {
			isa = PBXSourcesBuildPhase;
			buildActionMask = 2147483647;
			files = (
				E267068C2197DFFC00B41CA8 /* JKOCProjectToolDemoTests.m in Sources */,
			);
			runOnlyForDeploymentPostprocessing = 0;
		};
		E267068E2197DFFC00B41CA8 /* Sources */ = {
			isa = PBXSourcesBuildPhase;
			buildActionMask = 2147483647;
			files = (
				E26706972197DFFC00B41CA8 /* JKOCProjectToolDemoUITests.m in Sources */,
			);
			runOnlyForDeploymentPostprocessing = 0;
		};
/* End PBXSourcesBuildPhase section */

/* Begin PBXTargetDependency section */
		E26706892197DFFC00B41CA8 /* PBXTargetDependency */ = {
			isa = PBXTargetDependency;
			target = E267066E2197DFFB00B41CA8 /* JKOCProjectToolDemo */;
			targetProxy = E26706882197DFFC00B41CA8 /* PBXContainerItemProxy */;
		};
		E26706942197DFFC00B41CA8 /* PBXTargetDependency */ = {
			isa = PBXTargetDependency;
			target = E267066E2197DFFB00B41CA8 /* JKOCProjectToolDemo */;
			targetProxy = E26706932197DFFC00B41CA8 /* PBXContainerItemProxy */;
		};
/* End PBXTargetDependency section */

/* Begin PBXVariantGroup section */
		E26706782197DFFC00B41CA8 /* Main.storyboard */ = {
			isa = PBXVariantGroup;
			children = (
				E26706792197DFFC00B41CA8 /* Base */,
			);
			name = Main.storyboard;
			sourceTree = "<group>";
		};
		E267067D2197DFFC00B41CA8 /* LaunchScreen.storyboard */ = {
			isa = PBXVariantGroup;
			children = (
				E267067E2197DFFC00B41CA8 /* Base */,
			);
			name = LaunchScreen.storyboard;
			sourceTree = "<group>";
		};
/* End PBXVariantGroup section */

/* Begin XCBuildConfiguration section */
		E26706992197DFFC00B41CA8 /* Debug */ = {
			isa = XCBuildConfiguration;
			buildSettings = {
				ALWAYS_SEARCH_USER_PATHS = NO;
				CLANG_ANALYZER_NONNULL = YES;
				CLANG_ANALYZER_NUMBER_OBJECT_CONVERSION = YES_AGGRESSIVE;
				CLANG_CXX_LANGUAGE_STANDARD = "gnu++14";
				CLANG_CXX_LIBRARY = "libc++";
				CLANG_ENABLE_MODULES = YES;
				CLANG_ENABLE_OBJC_ARC = YES;
				CLANG_ENABLE_OBJC_WEAK = YES;
				CLANG_WARN_BLOCK_CAPTURE_AUTORELEASING = YES;
				CLANG_WARN_BOOL_CONVERSION = YES;
				CLANG_WARN_COMMA = YES;
				CLANG_WARN_CONSTANT_CONVERSION = YES;
				CLANG_WARN_DEPRECATED_OBJC_IMPLEMENTATIONS = YES;
				CLANG_WARN_DIRECT_OBJC_ISA_USAGE = YES_ERROR;
				CLANG_WARN_DOCUMENTATION_COMMENTS = YES;
				CLANG_WARN_EMPTY_BODY = YES;
				CLANG_WARN_ENUM_CONVERSION = YES;
				CLANG_WARN_INFINITE_RECURSION = YES;
				CLANG_WARN_INT_CONVERSION = YES;
				CLANG_WARN_NON_LITERAL_NULL_CONVERSION = YES;
				CLANG_WARN_OBJC_IMPLICIT_RETAIN_SELF = YES;
				CLANG_WARN_OBJC_LITERAL_CONVERSION = YES;
				CLANG_WARN_OBJC_ROOT_CLASS = YES_ERROR;
				CLANG_WARN_RANGE_LOOP_ANALYSIS = YES;
				CLANG_WARN_STRICT_PROTOTYPES = YES;
				CLANG_WARN_SUSPICIOUS_MOVE = YES;
				CLANG_WARN_UNGUARDED_AVAILABILITY = YES_AGGRESSIVE;
				CLANG_WARN_UNREACHABLE_CODE = YES;
				CLANG_WARN__DUPLICATE_METHOD_MATCH = YES;
				CODE_SIGN_IDENTITY = "iPhone Developer";
				COPY_PHASE_STRIP = NO;
				DEBUG_INFORMATION_FORMAT = dwarf;
				ENABLE_STRICT_OBJC_MSGSEND = YES;
				ENABLE_TESTABILITY = YES;
				GCC_C_LANGUAGE_STANDARD = gnu11;
				GCC_DYNAMIC_NO_PIC = NO;
				GCC_NO_COMMON_BLOCKS = YES;
				GCC_OPTIMIZATION_LEVEL = 0;
				GCC_PREPROCESSOR_DEFINITIONS = (
					"DEBUG=1",
					"$(inherited)",
				);
				GCC_WARN_64_TO_32_BIT_CONVERSION = YES;
				GCC_WARN_ABOUT_RETURN_TYPE = YES_ERROR;
				GCC_WARN_UNDECLARED_SELECTOR = YES;
				GCC_WARN_UNINITIALIZED_AUTOS = YES_AGGRESSIVE;
				GCC_WARN_UNUSED_FUNCTION = YES;
				GCC_WARN_UNUSED_VARIABLE = YES;
				IPHONEOS_DEPLOYMENT_TARGET = 9.0;
				MTL_ENABLE_DEBUG_INFO = INCLUDE_SOURCE;
				MTL_FAST_MATH = YES;
				ONLY_ACTIVE_ARCH = YES;
				SDKROOT = iphoneos;
			};
			name = Debug;
		};
		E267069A2197DFFC00B41CA8 /* Release */ = {
			isa = XCBuildConfiguration;
			buildSettings = {
				ALWAYS_SEARCH_USER_PATHS = NO;
				CLANG_ANALYZER_NONNULL = YES;
				CLANG_ANALYZER_NUMBER_OBJECT_CONVERSION = YES_AGGRESSIVE;
				CLANG_CXX_LANGUAGE_STANDARD = "gnu++14";
				CLANG_CXX_LIBRARY = "libc++";
				CLANG_ENABLE_MODULES = YES;
				CLANG_ENABLE_OBJC_ARC = YES;
				CLANG_ENABLE_OBJC_WEAK = YES;
				CLANG_WARN_BLOCK_CAPTURE_AUTORELEASING = YES;
				CLANG_WARN_BOOL_CONVERSION = YES;
				CLANG_WARN_COMMA = YES;
				CLANG_WARN_CONSTANT_CONVERSION = YES;
				CLANG_WARN_DEPRECATED_OBJC_IMPLEMENTATIONS = YES;
				CLANG_WARN_DIRECT_OBJC_ISA_USAGE = YES_ERROR;
				CLANG_WARN_DOCUMENTATION_COMMENTS = YES;
				CLANG_WARN_EMPTY_BODY = YES;
				CLANG_WARN_ENUM_CONVERSION = YES;
				CLANG_WARN_INFINITE_RECURSION = YES;
				CLANG_WARN_INT_CONVERSION = YES;
				CLANG_WARN_NON_LITERAL_NULL_CONVERSION = YES;
				CLANG_WARN_OBJC_IMPLICIT_RETAIN_SELF = YES;
				CLANG_WARN_OBJC_LITERAL_CONVERSION = YES;
				CLANG_WARN_OBJC_ROOT_CLASS = YES_ERROR;
				CLANG_WARN_RANGE_LOOP_ANALYSIS = YES;
				CLANG_WARN_STRICT_PROTOTYPES = YES;
				CLANG_WARN_SUSPICIOUS_MOVE = YES;
				CLANG_WARN_UNGUARDED_AVAILABILITY = YES_AGGRESSIVE;
				CLANG_WARN_UNREACHABLE_CODE = YES;
				CLANG_WARN__DUPLICATE_METHOD_MATCH = YES;
				CODE_SIGN_IDENTITY = "iPhone Developer";
				COPY_PHASE_STRIP = NO;
				DEBUG_INFORMATION_FORMAT = "dwarf-with-dsym";
				ENABLE_NS_ASSERTIONS = NO;
				ENABLE_STRICT_OBJC_MSGSEND = YES;
				GCC_C_LANGUAGE_STANDARD = gnu11;
				GCC_NO_COMMON_BLOCKS = YES;
				GCC_WARN_64_TO_32_BIT_CONVERSION = YES;
				GCC_WARN_ABOUT_RETURN_TYPE = YES_ERROR;
				GCC_WARN_UNDECLARED_SELECTOR = YES;
				GCC_WARN_UNINITIALIZED_AUTOS = YES_AGGRESSIVE;
				GCC_WARN_UNUSED_FUNCTION = YES;
				GCC_WARN_UNUSED_VARIABLE = YES;
				IPHONEOS_DEPLOYMENT_TARGET = 9.0;
				MTL_ENABLE_DEBUG_INFO = NO;
				MTL_FAST_MATH = YES;
				SDKROOT = iphoneos;
				VALIDATE_PRODUCT = YES;
			};
			name = Release;
		};
		E267069C2197DFFC00B41CA8 /* Debug */ = {
			isa = XCBuildConfiguration;
			buildSettings = {
				ASSETCATALOG_COMPILER_APPICON_NAME = AppIcon;
				CODE_SIGN_STYLE = Automatic;
				DEVELOPMENT_TEAM = 75LW4CAG6Y;
				GCC_PREFIX_HEADER = JKOCProjectToolDemo/JKPrefixHeader.pch;
				INFOPLIST_FILE = JKOCProjectToolDemo/Info.plist;
				IPHONEOS_DEPLOYMENT_TARGET = 9.0;
				LD_RUNPATH_SEARCH_PATHS = (
					"$(inherited)",
					"@executable_path/Frameworks",
				);
				PRODUCT_BUNDLE_IDENTIFIER = com.xiaoou.joanking.JKOCProjectToolDemo;
				PRODUCT_NAME = "$(TARGET_NAME)";
				TARGETED_DEVICE_FAMILY = "1,2";
			};
			name = Debug;
		};
		E267069D2197DFFC00B41CA8 /* Release */ = {
			isa = XCBuildConfiguration;
			buildSettings = {
				ASSETCATALOG_COMPILER_APPICON_NAME = AppIcon;
				CODE_SIGN_STYLE = Automatic;
				DEVELOPMENT_TEAM = 75LW4CAG6Y;
				GCC_PREFIX_HEADER = JKOCProjectToolDemo/JKPrefixHeader.pch;
				INFOPLIST_FILE = JKOCProjectToolDemo/Info.plist;
				IPHONEOS_DEPLOYMENT_TARGET = 9.0;
				LD_RUNPATH_SEARCH_PATHS = (
					"$(inherited)",
					"@executable_path/Frameworks",
				);
				PRODUCT_BUNDLE_IDENTIFIER = com.xiaoou.joanking.JKOCProjectToolDemo;
				PRODUCT_NAME = "$(TARGET_NAME)";
				TARGETED_DEVICE_FAMILY = "1,2";
			};
			name = Release;
		};
		E267069F2197DFFC00B41CA8 /* Debug */ = {
			isa = XCBuildConfiguration;
			buildSettings = {
				BUNDLE_LOADER = "$(TEST_HOST)";
				CODE_SIGN_STYLE = Automatic;
				DEVELOPMENT_TEAM = 75LW4CAG6Y;
				INFOPLIST_FILE = JKOCProjectToolDemoTests/Info.plist;
				LD_RUNPATH_SEARCH_PATHS = (
					"$(inherited)",
					"@executable_path/Frameworks",
					"@loader_path/Frameworks",
				);
				PRODUCT_BUNDLE_IDENTIFIER = com.xiaoou.joanking.JKOCProjectToolDemoTests;
				PRODUCT_NAME = "$(TARGET_NAME)";
				TARGETED_DEVICE_FAMILY = "1,2";
				TEST_HOST = "$(BUILT_PRODUCTS_DIR)/JKOCProjectToolDemo.app/JKOCProjectToolDemo";
			};
			name = Debug;
		};
		E26706A02197DFFC00B41CA8 /* Release */ = {
			isa = XCBuildConfiguration;
			buildSettings = {
				BUNDLE_LOADER = "$(TEST_HOST)";
				CODE_SIGN_STYLE = Automatic;
				DEVELOPMENT_TEAM = 75LW4CAG6Y;
				INFOPLIST_FILE = JKOCProjectToolDemoTests/Info.plist;
				LD_RUNPATH_SEARCH_PATHS = (
					"$(inherited)",
					"@executable_path/Frameworks",
					"@loader_path/Frameworks",
				);
				PRODUCT_BUNDLE_IDENTIFIER = com.xiaoou.joanking.JKOCProjectToolDemoTests;
				PRODUCT_NAME = "$(TARGET_NAME)";
				TARGETED_DEVICE_FAMILY = "1,2";
				TEST_HOST = "$(BUILT_PRODUCTS_DIR)/JKOCProjectToolDemo.app/JKOCProjectToolDemo";
			};
			name = Release;
		};
		E26706A22197DFFC00B41CA8 /* Debug */ = {
			isa = XCBuildConfiguration;
			buildSettings = {
				CODE_SIGN_STYLE = Automatic;
				DEVELOPMENT_TEAM = 75LW4CAG6Y;
				INFOPLIST_FILE = JKOCProjectToolDemoUITests/Info.plist;
				LD_RUNPATH_SEARCH_PATHS = (
					"$(inherited)",
					"@executable_path/Frameworks",
					"@loader_path/Frameworks",
				);
				PRODUCT_BUNDLE_IDENTIFIER = com.xiaoou.joanking.JKOCProjectToolDemoUITests;
				PRODUCT_NAME = "$(TARGET_NAME)";
				TARGETED_DEVICE_FAMILY = "1,2";
				TEST_TARGET_NAME = JKOCProjectToolDemo;
			};
			name = Debug;
		};
		E26706A32197DFFC00B41CA8 /* Release */ = {
			isa = XCBuildConfiguration;
			buildSettings = {
				CODE_SIGN_STYLE = Automatic;
				DEVELOPMENT_TEAM = 75LW4CAG6Y;
				INFOPLIST_FILE = JKOCProjectToolDemoUITests/Info.plist;
				LD_RUNPATH_SEARCH_PATHS = (
					"$(inherited)",
					"@executable_path/Frameworks",
					"@loader_path/Frameworks",
				);
				PRODUCT_BUNDLE_IDENTIFIER = com.xiaoou.joanking.JKOCProjectToolDemoUITests;
				PRODUCT_NAME = "$(TARGET_NAME)";
				TARGETED_DEVICE_FAMILY = "1,2";
				TEST_TARGET_NAME = JKOCProjectToolDemo;
			};
			name = Release;
		};
/* End XCBuildConfiguration section */

/* Begin XCConfigurationList section */
		E267066A2197DFFB00B41CA8 /* Build configuration list for PBXProject "JKOCProjectToolDemo" */ = {
			isa = XCConfigurationList;
			buildConfigurations = (
				E26706992197DFFC00B41CA8 /* Debug */,
				E267069A2197DFFC00B41CA8 /* Release */,
			);
			defaultConfigurationIsVisible = 0;
			defaultConfigurationName = Release;
		};
		E267069B2197DFFC00B41CA8 /* Build configuration list for PBXNativeTarget "JKOCProjectToolDemo" */ = {
			isa = XCConfigurationList;
			buildConfigurations = (
				E267069C2197DFFC00B41CA8 /* Debug */,
				E267069D2197DFFC00B41CA8 /* Release */,
			);
			defaultConfigurationIsVisible = 0;
			defaultConfigurationName = Release;
		};
		E267069E2197DFFC00B41CA8 /* Build configuration list for PBXNativeTarget "JKOCProjectToolDemoTests" */ = {
			isa = XCConfigurationList;
			buildConfigurations = (
				E267069F2197DFFC00B41CA8 /* Debug */,
				E26706A02197DFFC00B41CA8 /* Release */,
			);
			defaultConfigurationIsVisible = 0;
			defaultConfigurationName = Release;
		};
		E26706A12197DFFC00B41CA8 /* Build configuration list for PBXNativeTarget "JKOCProjectToolDemoUITests" */ = {
			isa = XCConfigurationList;
			buildConfigurations = (
				E26706A22197DFFC00B41CA8 /* Debug */,
				E26706A32197DFFC00B41CA8 /* Release */,
			);
			defaultConfigurationIsVisible = 0;
			defaultConfigurationName = Release;
		};
/* End XCConfigurationList section */
	};
	rootObject = E26706672197DFFB00B41CA8 /* Project object */;
}
